// !$*UTF8*$!
{
	archiveVersion = 1;
	classes = {
	};
	objectVersion = 56;
	objects = {

/* Begin PBXBuildFile section */
		9CEAFA602BB241CB003F5A01 /* PokerProApp.swift in Sources */ = {isa = PBXBuildFile; fileRef = 9CEAFA5F2BB241CB003F5A01 /* PokerProApp.swift */; };
		9CEAFA622BB241CB003F5A01 /* ContentView.swift in Sources */ = {isa = PBXBuildFile; fileRef = 9CEAFA612BB241CB003F5A01 /* ContentView.swift */; };
		9CEAFA642BB241CF003F5A01 /* Assets.xcassets in Resources */ = {isa = PBXBuildFile; fileRef = 9CEAFA632BB241CF003F5A01 /* Assets.xcassets */; };
		9CEAFA672BB241CF003F5A01 /* Preview Assets.xcassets in Resources */ = {isa = PBXBuildFile; fileRef = 9CEAFA662BB241CF003F5A01 /* Preview Assets.xcassets */; };
		9CEAFA712BB241CF003F5A01 /* PokerProTests.swift in Sources */ = {isa = PBXBuildFile; fileRef = 9CEAFA702BB241CF003F5A01 /* PokerProTests.swift */; };
		9CEAFA7B2BB241CF003F5A01 /* PokerProUITests.swift in Sources */ = {isa = PBXBuildFile; fileRef = 9CEAFA7A2BB241CF003F5A01 /* PokerProUITests.swift */; };
		9CEAFA7D2BB241CF003F5A01 /* PokerProUITestsLaunchTests.swift in Sources */ = {isa = PBXBuildFile; fileRef = 9CEAFA7C2BB241CF003F5A01 /* PokerProUITestsLaunchTests.swift */; };
/* End PBXBuildFile section */

/* Begin PBXContainerItemProxy section */
		9CEAFA6D2BB241CF003F5A01 /* PBXContainerItemProxy */ = {
			isa = PBXContainerItemProxy;
			containerPortal = 9CEAFA542BB241CB003F5A01 /* Project object */;
			proxyType = 1;
			remoteGlobalIDString = 9CEAFA5B2BB241CB003F5A01;
			remoteInfo = PokerPro;
		};
		9CEAFA772BB241CF003F5A01 /* PBXContainerItemProxy */ = {
			isa = PBXContainerItemProxy;
			containerPortal = 9CEAFA542BB241CB003F5A01 /* Project object */;
			proxyType = 1;
			remoteGlobalIDString = 9CEAFA5B2BB241CB003F5A01;
			remoteInfo = PokerPro;
		};
/* End PBXContainerItemProxy section */

/* Begin PBXFileReference section */
		9CEAFA5C2BB241CB003F5A01 /* PokerPro.app */ = {isa = PBXFileReference; explicitFileType = wrapper.application; includeInIndex = 0; path = PokerPro.app; sourceTree = BUILT_PRODUCTS_DIR; };
		9CEAFA5F2BB241CB003F5A01 /* PokerProApp.swift */ = {isa = PBXFileReference; lastKnownFileType = sourcecode.swift; path = PokerProApp.swift; sourceTree = "<group>"; };
		9CEAFA612BB241CB003F5A01 /* ContentView.swift */ = {isa = PBXFileReference; lastKnownFileType = sourcecode.swift; path = ContentView.swift; sourceTree = "<group>"; };
		9CEAFA632BB241CF003F5A01 /* Assets.xcassets */ = {isa = PBXFileReference; lastKnownFileType = folder.assetcatalog; path = Assets.xcassets; sourceTree = "<group>"; };
		9CEAFA662BB241CF003F5A01 /* Preview Assets.xcassets */ = {isa = PBXFileReference; lastKnownFileType = folder.assetcatalog; path = "Preview Assets.xcassets"; sourceTree = "<group>"; };
		9CEAFA6C2BB241CF003F5A01 /* PokerProTests.xctest */ = {isa = PBXFileReference; explicitFileType = wrapper.cfbundle; includeInIndex = 0; path = PokerProTests.xctest; sourceTree = BUILT_PRODUCTS_DIR; };
		9CEAFA702BB241CF003F5A01 /* PokerProTests.swift */ = {isa = PBXFileReference; lastKnownFileType = sourcecode.swift; path = PokerProTests.swift; sourceTree = "<group>"; };
		9CEAFA762BB241CF003F5A01 /* PokerProUITests.xctest */ = {isa = PBXFileReference; explicitFileType = wrapper.cfbundle; includeInIndex = 0; path = PokerProUITests.xctest; sourceTree = BUILT_PRODUCTS_DIR; };
		9CEAFA7A2BB241CF003F5A01 /* PokerProUITests.swift */ = {isa = PBXFileReference; lastKnownFileType = sourcecode.swift; path = PokerProUITests.swift; sourceTree = "<group>"; };
		9CEAFA7C2BB241CF003F5A01 /* PokerProUITestsLaunchTests.swift */ = {isa = PBXFileReference; lastKnownFileType = sourcecode.swift; path = PokerProUITestsLaunchTests.swift; sourceTree = "<group>"; };
/* End PBXFileReference section */

/* Begin PBXFrameworksBuildPhase section */
		9CEAFA592BB241CB003F5A01 /* Frameworks */ = {
			isa = PBXFrameworksBuildPhase;
			buildActionMask = 2147483647;
			files = (
			);
			runOnlyForDeploymentPostprocessing = 0;
		};
		9CEAFA692BB241CF003F5A01 /* Frameworks */ = {
			isa = PBXFrameworksBuildPhase;
			buildActionMask = 2147483647;
			files = (
			);
			runOnlyForDeploymentPostprocessing = 0;
		};
		9CEAFA732BB241CF003F5A01 /* Frameworks */ = {
			isa = PBXFrameworksBuildPhase;
			buildActionMask = 2147483647;
			files = (
			);
			runOnlyForDeploymentPostprocessing = 0;
		};
/* End PBXFrameworksBuildPhase section */

/* Begin PBXGroup section */
		9CEAFA532BB241CB003F5A01 = {
			isa = PBXGroup;
			children = (
				9CEAFA5E2BB241CB003F5A01 /* PokerPro */,
				9CEAFA6F2BB241CF003F5A01 /* PokerProTests */,
				9CEAFA792BB241CF003F5A01 /* PokerProUITests */,
				9CEAFA5D2BB241CB003F5A01 /* Products */,
			);
			sourceTree = "<group>";
		};
		9CEAFA5D2BB241CB003F5A01 /* Products */ = {
			isa = PBXGroup;
			children = (
				9CEAFA5C2BB241CB003F5A01 /* PokerPro.app */,
				9CEAFA6C2BB241CF003F5A01 /* PokerProTests.xctest */,
				9CEAFA762BB241CF003F5A01 /* PokerProUITests.xctest */,
			);
			name = Products;
			sourceTree = "<group>";
		};
		9CEAFA5E2BB241CB003F5A01 /* PokerPro */ = {
			isa = PBXGroup;
			children = (
				9CEAFA5F2BB241CB003F5A01 /* PokerProApp.swift */,
				9CEAFA612BB241CB003F5A01 /* ContentView.swift */,
				9CEAFA632BB241CF003F5A01 /* Assets.xcassets */,
				9CEAFA652BB241CF003F5A01 /* Preview Content */,
			);
			path = PokerPro;
			sourceTree = "<group>";
		};
		9CEAFA652BB241CF003F5A01 /* Preview Content */ = {
			isa = PBXGroup;
			children = (
				9CEAFA662BB241CF003F5A01 /* Preview Assets.xcassets */,
			);
			path = "Preview Content";
			sourceTree = "<group>";
		};
		9CEAFA6F2BB241CF003F5A01 /* PokerProTests */ = {
			isa = PBXGroup;
			children = (
				9CEAFA702BB241CF003F5A01 /* PokerProTests.swift */,
			);
			path = PokerProTests;
			sourceTree = "<group>";
		};
		9CEAFA792BB241CF003F5A01 /* PokerProUITests */ = {
			isa = PBXGroup;
			children = (
				9CEAFA7A2BB241CF003F5A01 /* PokerProUITests.swift */,
				9CEAFA7C2BB241CF003F5A01 /* PokerProUITestsLaunchTests.swift */,
			);
			path = PokerProUITests;
			sourceTree = "<group>";
		};
/* End PBXGroup section */

/* Begin PBXNativeTarget section */
		9CEAFA5B2BB241CB003F5A01 /* PokerPro */ = {
			isa = PBXNativeTarget;
			buildConfigurationList = 9CEAFA802BB241CF003F5A01 /* Build configuration list for PBXNativeTarget "PokerPro" */;
			buildPhases = (
				9CEAFA582BB241CB003F5A01 /* Sources */,
				9CEAFA592BB241CB003F5A01 /* Frameworks */,
				9CEAFA5A2BB241CB003F5A01 /* Resources */,
			);
			buildRules = (
			);
			dependencies = (
			);
			name = PokerPro;
			productName = PokerPro;
			productReference = 9CEAFA5C2BB241CB003F5A01 /* PokerPro.app */;
			productType = "com.apple.product-type.application";
		};
		9CEAFA6B2BB241CF003F5A01 /* PokerProTests */ = {
			isa = PBXNativeTarget;
			buildConfigurationList = 9CEAFA832BB241CF003F5A01 /* Build configuration list for PBXNativeTarget "PokerProTests" */;
			buildPhases = (
				9CEAFA682BB241CF003F5A01 /* Sources */,
				9CEAFA692BB241CF003F5A01 /* Frameworks */,
				9CEAFA6A2BB241CF003F5A01 /* Resources */,
			);
			buildRules = (
			);
			dependencies = (
				9CEAFA6E2BB241CF003F5A01 /* PBXTargetDependency */,
			);
			name = PokerProTests;
			productName = PokerProTests;
			productReference = 9CEAFA6C2BB241CF003F5A01 /* PokerProTests.xctest */;
			productType = "com.apple.product-type.bundle.unit-test";
		};
		9CEAFA752BB241CF003F5A01 /* PokerProUITests */ = {
			isa = PBXNativeTarget;
			buildConfigurationList = 9CEAFA862BB241CF003F5A01 /* Build configuration list for PBXNativeTarget "PokerProUITests" */;
			buildPhases = (
				9CEAFA722BB241CF003F5A01 /* Sources */,
				9CEAFA732BB241CF003F5A01 /* Frameworks */,
				9CEAFA742BB241CF003F5A01 /* Resources */,
			);
			buildRules = (
			);
			dependencies = (
				9CEAFA782BB241CF003F5A01 /* PBXTargetDependency */,
			);
			name = PokerProUITests;
			productName = PokerProUITests;
			productReference = 9CEAFA762BB241CF003F5A01 /* PokerProUITests.xctest */;
			productType = "com.apple.product-type.bundle.ui-testing";
		};
/* End PBXNativeTarget section */

/* Begin PBXProject section */
		9CEAFA542BB241CB003F5A01 /* Project object */ = {
			isa = PBXProject;
			attributes = {
				BuildIndependentTargetsInParallel = 1;
				LastSwiftUpdateCheck = 1520;
				LastUpgradeCheck = 1520;
				TargetAttributes = {
					9CEAFA5B2BB241CB003F5A01 = {
						CreatedOnToolsVersion = 15.2;
					};
					9CEAFA6B2BB241CF003F5A01 = {
						CreatedOnToolsVersion = 15.2;
						TestTargetID = 9CEAFA5B2BB241CB003F5A01;
					};
					9CEAFA752BB241CF003F5A01 = {
						CreatedOnToolsVersion = 15.2;
						TestTargetID = 9CEAFA5B2BB241CB003F5A01;
					};
				};
			};
			buildConfigurationList = 9CEAFA572BB241CB003F5A01 /* Build configuration list for PBXProject "PokerPro" */;
			compatibilityVersion = "Xcode 14.0";
			developmentRegion = en;
			hasScannedForEncodings = 0;
			knownRegions = (
				en,
				Base,
			);
			mainGroup = 9CEAFA532BB241CB003F5A01;
			productRefGroup = 9CEAFA5D2BB241CB003F5A01 /* Products */;
			projectDirPath = "";
			projectRoot = "";
			targets = (
				9CEAFA5B2BB241CB003F5A01 /* PokerPro */,
				9CEAFA6B2BB241CF003F5A01 /* PokerProTests */,
				9CEAFA752BB241CF003F5A01 /* PokerProUITests */,
			);
		};
/* End PBXProject section */

/* Begin PBXResourcesBuildPhase section */
		9CEAFA5A2BB241CB003F5A01 /* Resources */ = {
			isa = PBXResourcesBuildPhase;
			buildActionMask = 2147483647;
			files = (
				9CEAFA672BB241CF003F5A01 /* Preview Assets.xcassets in Resources */,
				9CEAFA642BB241CF003F5A01 /* Assets.xcassets in Resources */,
			);
			runOnlyForDeploymentPostprocessing = 0;
		};
		9CEAFA6A2BB241CF003F5A01 /* Resources */ = {
			isa = PBXResourcesBuildPhase;
			buildActionMask = 2147483647;
			files = (
			);
			runOnlyForDeploymentPostprocessing = 0;
		};
		9CEAFA742BB241CF003F5A01 /* Resources */ = {
			isa = PBXResourcesBuildPhase;
			buildActionMask = 2147483647;
			files = (
			);
			runOnlyForDeploymentPostprocessing = 0;
		};
/* End PBXResourcesBuildPhase section */

/* Begin PBXSourcesBuildPhase section */
		9CEAFA582BB241CB003F5A01 /* Sources */ = {
			isa = PBXSourcesBuildPhase;
			buildActionMask = 2147483647;
			files = (
				9CEAFA622BB241CB003F5A01 /* ContentView.swift in Sources */,
				9CEAFA602BB241CB003F5A01 /* PokerProApp.swift in Sources */,
			);
			runOnlyForDeploymentPostprocessing = 0;
		};
		9CEAFA682BB241CF003F5A01 /* Sources */ = {
			isa = PBXSourcesBuildPhase;
			buildActionMask = 2147483647;
			files = (
				9CEAFA712BB241CF003F5A01 /* PokerProTests.swift in Sources */,
			);
			runOnlyForDeploymentPostprocessing = 0;
		};
		9CEAFA722BB241CF003F5A01 /* Sources */ = {
			isa = PBXSourcesBuildPhase;
			buildActionMask = 2147483647;
			files = (
				9CEAFA7D2BB241CF003F5A01 /* PokerProUITestsLaunchTests.swift in Sources */,
				9CEAFA7B2BB241CF003F5A01 /* PokerProUITests.swift in Sources */,
			);
			runOnlyForDeploymentPostprocessing = 0;
		};
/* End PBXSourcesBuildPhase section */

/* Begin PBXTargetDependency section */
		9CEAFA6E2BB241CF003F5A01 /* PBXTargetDependency */ = {
			isa = PBXTargetDependency;
			target = 9CEAFA5B2BB241CB003F5A01 /* PokerPro */;
			targetProxy = 9CEAFA6D2BB241CF003F5A01 /* PBXContainerItemProxy */;
		};
		9CEAFA782BB241CF003F5A01 /* PBXTargetDependency */ = {
			isa = PBXTargetDependency;
			target = 9CEAFA5B2BB241CB003F5A01 /* PokerPro */;
			targetProxy = 9CEAFA772BB241CF003F5A01 /* PBXContainerItemProxy */;
		};
/* End PBXTargetDependency section */

/* Begin XCBuildConfiguration section */
		9CEAFA7E2BB241CF003F5A01 /* Debug */ = {
			isa = XCBuildConfiguration;
			buildSettings = {
				ALWAYS_SEARCH_USER_PATHS = NO;
				ASSETCATALOG_COMPILER_GENERATE_SWIFT_ASSET_SYMBOL_EXTENSIONS = YES;
				CLANG_ANALYZER_NONNULL = YES;
				CLANG_ANALYZER_NUMBER_OBJECT_CONVERSION = YES_AGGRESSIVE;
				CLANG_CXX_LANGUAGE_STANDARD = "gnu++20";
				CLANG_ENABLE_MODULES = YES;
				CLANG_ENABLE_OBJC_ARC = YES;
				CLANG_ENABLE_OBJC_WEAK = YES;
				CLANG_WARN_BLOCK_CAPTURE_AUTORELEASING = YES;
				CLANG_WARN_BOOL_CONVERSION = YES;
				CLANG_WARN_COMMA = YES;
				CLANG_WARN_CONSTANT_CONVERSION = YES;
				CLANG_WARN_DEPRECATED_OBJC_IMPLEMENTATIONS = YES;
				CLANG_WARN_DIRECT_OBJC_ISA_USAGE = YES_ERROR;
				CLANG_WARN_DOCUMENTATION_COMMENTS = YES;
				CLANG_WARN_EMPTY_BODY = YES;
				CLANG_WARN_ENUM_CONVERSION = YES;
				CLANG_WARN_INFINITE_RECURSION = YES;
				CLANG_WARN_INT_CONVERSION = YES;
				CLANG_WARN_NON_LITERAL_NULL_CONVERSION = YES;
				CLANG_WARN_OBJC_IMPLICIT_RETAIN_SELF = YES;
				CLANG_WARN_OBJC_LITERAL_CONVERSION = YES;
				CLANG_WARN_OBJC_ROOT_CLASS = YES_ERROR;
				CLANG_WARN_QUOTED_INCLUDE_IN_FRAMEWORK_HEADER = YES;
				CLANG_WARN_RANGE_LOOP_ANALYSIS = YES;
				CLANG_WARN_STRICT_PROTOTYPES = YES;
				CLANG_WARN_SUSPICIOUS_MOVE = YES;
				CLANG_WARN_UNGUARDED_AVAILABILITY = YES_AGGRESSIVE;
				CLANG_WARN_UNREACHABLE_CODE = YES;
				CLANG_WARN__DUPLICATE_METHOD_MATCH = YES;
				COPY_PHASE_STRIP = NO;
				DEBUG_INFORMATION_FORMAT = dwarf;
				ENABLE_STRICT_OBJC_MSGSEND = YES;
				ENABLE_TESTABILITY = YES;
				ENABLE_USER_SCRIPT_SANDBOXING = YES;
				GCC_C_LANGUAGE_STANDARD = gnu17;
				GCC_DYNAMIC_NO_PIC = NO;
				GCC_NO_COMMON_BLOCKS = YES;
				GCC_OPTIMIZATION_LEVEL = 0;
				GCC_PREPROCESSOR_DEFINITIONS = (
					"DEBUG=1",
					"$(inherited)",
				);
				GCC_WARN_64_TO_32_BIT_CONVERSION = YES;
				GCC_WARN_ABOUT_RETURN_TYPE = YES_ERROR;
				GCC_WARN_UNDECLARED_SELECTOR = YES;
				GCC_WARN_UNINITIALIZED_AUTOS = YES_AGGRESSIVE;
				GCC_WARN_UNUSED_FUNCTION = YES;
				GCC_WARN_UNUSED_VARIABLE = YES;
				IPHONEOS_DEPLOYMENT_TARGET = 17.2;
				LOCALIZATION_PREFERS_STRING_CATALOGS = YES;
				MTL_ENABLE_DEBUG_INFO = INCLUDE_SOURCE;
				MTL_FAST_MATH = YES;
				ONLY_ACTIVE_ARCH = YES;
				SDKROOT = iphoneos;
				SWIFT_ACTIVE_COMPILATION_CONDITIONS = "DEBUG $(inherited)";
				SWIFT_OPTIMIZATION_LEVEL = "-Onone";
			};
			name = Debug;
		};
		9CEAFA7F2BB241CF003F5A01 /* Release */ = {
			isa = XCBuildConfiguration;
			buildSettings = {
				ALWAYS_SEARCH_USER_PATHS = NO;
				ASSETCATALOG_COMPILER_GENERATE_SWIFT_ASSET_SYMBOL_EXTENSIONS = YES;
				CLANG_ANALYZER_NONNULL = YES;
				CLANG_ANALYZER_NUMBER_OBJECT_CONVERSION = YES_AGGRESSIVE;
				CLANG_CXX_LANGUAGE_STANDARD = "gnu++20";
				CLANG_ENABLE_MODULES = YES;
				CLANG_ENABLE_OBJC_ARC = YES;
				CLANG_ENABLE_OBJC_WEAK = YES;
				CLANG_WARN_BLOCK_CAPTURE_AUTORELEASING = YES;
				CLANG_WARN_BOOL_CONVERSION = YES;
				CLANG_WARN_COMMA = YES;
				CLANG_WARN_CONSTANT_CONVERSION = YES;
				CLANG_WARN_DEPRECATED_OBJC_IMPLEMENTATIONS = YES;
				CLANG_WARN_DIRECT_OBJC_ISA_USAGE = YES_ERROR;
				CLANG_WARN_DOCUMENTATION_COMMENTS = YES;
				CLANG_WARN_EMPTY_BODY = YES;
				CLANG_WARN_ENUM_CONVERSION = YES;
				CLANG_WARN_INFINITE_RECURSION = YES;
				CLANG_WARN_INT_CONVERSION = YES;
				CLANG_WARN_NON_LITERAL_NULL_CONVERSION = YES;
				CLANG_WARN_OBJC_IMPLICIT_RETAIN_SELF = YES;
				CLANG_WARN_OBJC_LITERAL_CONVERSION = YES;
				CLANG_WARN_OBJC_ROOT_CLASS = YES_ERROR;
				CLANG_WARN_QUOTED_INCLUDE_IN_FRAMEWORK_HEADER = YES;
				CLANG_WARN_RANGE_LOOP_ANALYSIS = YES;
				CLANG_WARN_STRICT_PROTOTYPES = YES;
				CLANG_WARN_SUSPICIOUS_MOVE = YES;
				CLANG_WARN_UNGUARDED_AVAILABILITY = YES_AGGRESSIVE;
				CLANG_WARN_UNREACHABLE_CODE = YES;
				CLANG_WARN__DUPLICATE_METHOD_MATCH = YES;
				COPY_PHASE_STRIP = NO;
				DEBUG_INFORMATION_FORMAT = "dwarf-with-dsym";
				ENABLE_NS_ASSERTIONS = NO;
				ENABLE_STRICT_OBJC_MSGSEND = YES;
				ENABLE_USER_SCRIPT_SANDBOXING = YES;
				GCC_C_LANGUAGE_STANDARD = gnu17;
				GCC_NO_COMMON_BLOCKS = YES;
				GCC_WARN_64_TO_32_BIT_CONVERSION = YES;
				GCC_WARN_ABOUT_RETURN_TYPE = YES_ERROR;
				GCC_WARN_UNDECLARED_SELECTOR = YES;
				GCC_WARN_UNINITIALIZED_AUTOS = YES_AGGRESSIVE;
				GCC_WARN_UNUSED_FUNCTION = YES;
				GCC_WARN_UNUSED_VARIABLE = YES;
				IPHONEOS_DEPLOYMENT_TARGET = 17.2;
				LOCALIZATION_PREFERS_STRING_CATALOGS = YES;
				MTL_ENABLE_DEBUG_INFO = NO;
				MTL_FAST_MATH = YES;
				SDKROOT = iphoneos;
				SWIFT_COMPILATION_MODE = wholemodule;
				VALIDATE_PRODUCT = YES;
			};
			name = Release;
		};
		9CEAFA812BB241CF003F5A01 /* Debug */ = {
			isa = XCBuildConfiguration;
			buildSettings = {
				ASSETCATALOG_COMPILER_APPICON_NAME = AppIcon;
				ASSETCATALOG_COMPILER_GLOBAL_ACCENT_COLOR_NAME = AccentColor;
				CODE_SIGN_STYLE = Automatic;
				CURRENT_PROJECT_VERSION = 1;
				DEVELOPMENT_ASSET_PATHS = "\"PokerPro/Preview Content\"";
				DEVELOPMENT_TEAM = AC89BD77SC;
				ENABLE_PREVIEWS = YES;
				GENERATE_INFOPLIST_FILE = YES;
				INFOPLIST_KEY_UIApplicationSceneManifest_Generation = YES;
				INFOPLIST_KEY_UIApplicationSupportsIndirectInputEvents = YES;
				INFOPLIST_KEY_UILaunchScreen_Generation = YES;
				INFOPLIST_KEY_UISupportedInterfaceOrientations_iPad = "UIInterfaceOrientationPortrait UIInterfaceOrientationPortraitUpsideDown UIInterfaceOrientationLandscapeLeft UIInterfaceOrientationLandscapeRight";
				INFOPLIST_KEY_UISupportedInterfaceOrientations_iPhone = "UIInterfaceOrientationPortrait UIInterfaceOrientationLandscapeLeft UIInterfaceOrientationLandscapeRight";
				LD_RUNPATH_SEARCH_PATHS = (
					"$(inherited)",
					"@executable_path/Frameworks",
				);
				MARKETING_VERSION = 1.0;
				PRODUCT_BUNDLE_IDENTIFIER = edu.psu.rps5836.PokerPro;
				PRODUCT_NAME = "$(TARGET_NAME)";
				SWIFT_EMIT_LOC_STRINGS = YES;
				SWIFT_VERSION = 5.0;
				TARGETED_DEVICE_FAMILY = "1,2";
			};
			name = Debug;
		};
		9CEAFA822BB241CF003F5A01 /* Release */ = {
			isa = XCBuildConfiguration;
			buildSettings = {
				ASSETCATALOG_COMPILER_APPICON_NAME = AppIcon;
				ASSETCATALOG_COMPILER_GLOBAL_ACCENT_COLOR_NAME = AccentColor;
				CODE_SIGN_STYLE = Automatic;
				CURRENT_PROJECT_VERSION = 1;
				DEVELOPMENT_ASSET_PATHS = "\"PokerPro/Preview Content\"";
				DEVELOPMENT_TEAM = AC89BD77SC;
				ENABLE_PREVIEWS = YES;
				GENERATE_INFOPLIST_FILE = YES;
				INFOPLIST_KEY_UIApplicationSceneManifest_Generation = YES;
				INFOPLIST_KEY_UIApplicationSupportsIndirectInputEvents = YES;
				INFOPLIST_KEY_UILaunchScreen_Generation = YES;
				INFOPLIST_KEY_UISupportedInterfaceOrientations_iPad = "UIInterfaceOrientationPortrait UIInterfaceOrientationPortraitUpsideDown UIInterfaceOrientationLandscapeLeft UIInterfaceOrientationLandscapeRight";
				INFOPLIST_KEY_UISupportedInterfaceOrientations_iPhone = "UIInterfaceOrientationPortrait UIInterfaceOrientationLandscapeLeft UIInterfaceOrientationLandscapeRight";
				LD_RUNPATH_SEARCH_PATHS = (
					"$(inherited)",
					"@executable_path/Frameworks",
				);
				MARKETING_VERSION = 1.0;
				PRODUCT_BUNDLE_IDENTIFIER = edu.psu.rps5836.PokerPro;
				PRODUCT_NAME = "$(TARGET_NAME)";
				SWIFT_EMIT_LOC_STRINGS = YES;
				SWIFT_VERSION = 5.0;
				TARGETED_DEVICE_FAMILY = "1,2";
			};
			name = Release;
		};
		9CEAFA842BB241CF003F5A01 /* Debug */ = {
			isa = XCBuildConfiguration;
			buildSettings = {
				ALWAYS_EMBED_SWIFT_STANDARD_LIBRARIES = YES;
				BUNDLE_LOADER = "$(TEST_HOST)";
				CODE_SIGN_STYLE = Automatic;
				CURRENT_PROJECT_VERSION = 1;
				DEVELOPMENT_TEAM = AC89BD77SC;
				GENERATE_INFOPLIST_FILE = YES;
				IPHONEOS_DEPLOYMENT_TARGET = 17.2;
				MARKETING_VERSION = 1.0;
				PRODUCT_BUNDLE_IDENTIFIER = edu.psu.rps5836.PokerProTests;
				PRODUCT_NAME = "$(TARGET_NAME)";
				SWIFT_EMIT_LOC_STRINGS = NO;
				SWIFT_VERSION = 5.0;
				TARGETED_DEVICE_FAMILY = "1,2";
				TEST_HOST = "$(BUILT_PRODUCTS_DIR)/PokerPro.app/$(BUNDLE_EXECUTABLE_FOLDER_PATH)/PokerPro";
			};
			name = Debug;
		};
		9CEAFA852BB241CF003F5A01 /* Release */ = {
			isa = XCBuildConfiguration;
			buildSettings = {
				ALWAYS_EMBED_SWIFT_STANDARD_LIBRARIES = YES;
				BUNDLE_LOADER = "$(TEST_HOST)";
				CODE_SIGN_STYLE = Automatic;
				CURRENT_PROJECT_VERSION = 1;
				DEVELOPMENT_TEAM = AC89BD77SC;
				GENERATE_INFOPLIST_FILE = YES;
				IPHONEOS_DEPLOYMENT_TARGET = 17.2;
				MARKETING_VERSION = 1.0;
				PRODUCT_BUNDLE_IDENTIFIER = edu.psu.rps5836.PokerProTests;
				PRODUCT_NAME = "$(TARGET_NAME)";
				SWIFT_EMIT_LOC_STRINGS = NO;
				SWIFT_VERSION = 5.0;
				TARGETED_DEVICE_FAMILY = "1,2";
				TEST_HOST = "$(BUILT_PRODUCTS_DIR)/PokerPro.app/$(BUNDLE_EXECUTABLE_FOLDER_PATH)/PokerPro";
			};
			name = Release;
		};
		9CEAFA872BB241CF003F5A01 /* Debug */ = {
			isa = XCBuildConfiguration;
			buildSettings = {
				ALWAYS_EMBED_SWIFT_STANDARD_LIBRARIES = YES;
				CODE_SIGN_STYLE = Automatic;
				CURRENT_PROJECT_VERSION = 1;
				DEVELOPMENT_TEAM = AC89BD77SC;
				GENERATE_INFOPLIST_FILE = YES;
				MARKETING_VERSION = 1.0;
				PRODUCT_BUNDLE_IDENTIFIER = edu.psu.rps5836.PokerProUITests;
				PRODUCT_NAME = "$(TARGET_NAME)";
				SWIFT_EMIT_LOC_STRINGS = NO;
				SWIFT_VERSION = 5.0;
				TARGETED_DEVICE_FAMILY = "1,2";
				TEST_TARGET_NAME = PokerPro;
			};
			name = Debug;
		};
		9CEAFA882BB241CF003F5A01 /* Release */ = {
			isa = XCBuildConfiguration;
			buildSettings = {
				ALWAYS_EMBED_SWIFT_STANDARD_LIBRARIES = YES;
				CODE_SIGN_STYLE = Automatic;
				CURRENT_PROJECT_VERSION = 1;
				DEVELOPMENT_TEAM = AC89BD77SC;
				GENERATE_INFOPLIST_FILE = YES;
				MARKETING_VERSION = 1.0;
				PRODUCT_BUNDLE_IDENTIFIER = edu.psu.rps5836.PokerProUITests;
				PRODUCT_NAME = "$(TARGET_NAME)";
				SWIFT_EMIT_LOC_STRINGS = NO;
				SWIFT_VERSION = 5.0;
				TARGETED_DEVICE_FAMILY = "1,2";
				TEST_TARGET_NAME = PokerPro;
			};
			name = Release;
		};
/* End XCBuildConfiguration section */

/* Begin XCConfigurationList section */
		9CEAFA572BB241CB003F5A01 /* Build configuration list for PBXProject "PokerPro" */ = {
			isa = XCConfigurationList;
			buildConfigurations = (
				9CEAFA7E2BB241CF003F5A01 /* Debug */,
				9CEAFA7F2BB241CF003F5A01 /* Release */,
			);
			defaultConfigurationIsVisible = 0;
			defaultConfigurationName = Release;
		};
		9CEAFA802BB241CF003F5A01 /* Build configuration list for PBXNativeTarget "PokerPro" */ = {
			isa = XCConfigurationList;
			buildConfigurations = (
				9CEAFA812BB241CF003F5A01 /* Debug */,
				9CEAFA822BB241CF003F5A01 /* Release */,
			);
			defaultConfigurationIsVisible = 0;
			defaultConfigurationName = Release;
		};
		9CEAFA832BB241CF003F5A01 /* Build configuration list for PBXNativeTarget "PokerProTests" */ = {
			isa = XCConfigurationList;
			buildConfigurations = (
				9CEAFA842BB241CF003F5A01 /* Debug */,
				9CEAFA852BB241CF003F5A01 /* Release */,
			);
			defaultConfigurationIsVisible = 0;
			defaultConfigurationName = Release;
		};
		9CEAFA862BB241CF003F5A01 /* Build configuration list for PBXNativeTarget "PokerProUITests" */ = {
			isa = XCConfigurationList;
			buildConfigurations = (
				9CEAFA872BB241CF003F5A01 /* Debug */,
				9CEAFA882BB241CF003F5A01 /* Release */,
			);
			defaultConfigurationIsVisible = 0;
			defaultConfigurationName = Release;
		};
/* End XCConfigurationList section */
	};
	rootObject = 9CEAFA542BB241CB003F5A01 /* Project object */;
}
