// !$*UTF8*$!
{
	archiveVersion = 1;
	classes = {
	};
	objectVersion = 56;
	objects = {

/* Begin PBXBuildFile section */
		9C043BC02BAB36F7003B11EB /* PokeBallImageView.swift in Sources */ = {isa = PBXBuildFile; fileRef = 9C043BBF2BAB36F7003B11EB /* PokeBallImageView.swift */; };
		9C3447412BA7F77300E7876A /* PokedexApp.swift in Sources */ = {isa = PBXBuildFile; fileRef = 9C3447402BA7F77300E7876A /* PokedexApp.swift */; };
		9C3447452BA7F77700E7876A /* Assets.xcassets in Resources */ = {isa = PBXBuildFile; fileRef = 9C3447442BA7F77700E7876A /* Assets.xcassets */; };
		9C3447482BA7F77700E7876A /* Preview Assets.xcassets in Resources */ = {isa = PBXBuildFile; fileRef = 9C3447472BA7F77700E7876A /* Preview Assets.xcassets */; };
		9C3447522BA7F77700E7876A /* PokedexTests.swift in Sources */ = {isa = PBXBuildFile; fileRef = 9C3447512BA7F77700E7876A /* PokedexTests.swift */; };
		9C34475C2BA7F77700E7876A /* PokedexUITests.swift in Sources */ = {isa = PBXBuildFile; fileRef = 9C34475B2BA7F77700E7876A /* PokedexUITests.swift */; };
		9C34475E2BA7F77700E7876A /* PokedexUITestsLaunchTests.swift in Sources */ = {isa = PBXBuildFile; fileRef = 9C34475D2BA7F77700E7876A /* PokedexUITestsLaunchTests.swift */; };
		9C34476B2BA7F8EA00E7876A /* Color+PokemonType.swift in Sources */ = {isa = PBXBuildFile; fileRef = 9C34476A2BA7F8EA00E7876A /* Color+PokemonType.swift */; };
		9C34476F2BA7F90100E7876A /* pokedex.json in Resources */ = {isa = PBXBuildFile; fileRef = 9C34476E2BA7F90100E7876A /* pokedex.json */; };
		9C3447712BA7F90900E7876A /* PokemonType.swift in Sources */ = {isa = PBXBuildFile; fileRef = 9C3447702BA7F90900E7876A /* PokemonType.swift */; };
		9C3447742BA802BC00E7876A /* Pokemon.swift in Sources */ = {isa = PBXBuildFile; fileRef = 9C3447732BA802BC00E7876A /* Pokemon.swift */; };
		9C3447772BA802FE00E7876A /* PokedexManager.swift in Sources */ = {isa = PBXBuildFile; fileRef = 9C3447762BA802FE00E7876A /* PokedexManager.swift */; };
		9C34477A2BA805AD00E7876A /* PokedexHomeView.swift in Sources */ = {isa = PBXBuildFile; fileRef = 9C3447792BA805AD00E7876A /* PokedexHomeView.swift */; };
		9C34477C2BA8077000E7876A /* PokedexCardView.swift in Sources */ = {isa = PBXBuildFile; fileRef = 9C34477B2BA8077000E7876A /* PokedexCardView.swift */; };
		9C34477E2BA807BF00E7876A /* PokemonDetailView.swift in Sources */ = {isa = PBXBuildFile; fileRef = 9C34477D2BA807BF00E7876A /* PokemonDetailView.swift */; };
		9C3447802BA807DC00E7876A /* PokemonImageView.swift in Sources */ = {isa = PBXBuildFile; fileRef = 9C34477F2BA807DC00E7876A /* PokemonImageView.swift */; };
		9C8FAEEC2BA8B810000FEAAF /* CapsuleTextView.swift in Sources */ = {isa = PBXBuildFile; fileRef = 9C8FAEEB2BA8B810000FEAAF /* CapsuleTextView.swift */; };
		9C8FAEEE2BA8B886000FEAAF /* StatComponentView.swift in Sources */ = {isa = PBXBuildFile; fileRef = 9C8FAEED2BA8B886000FEAAF /* StatComponentView.swift */; };
		9C8FAEF12BA8BF90000FEAAF /* TypesWeaknessView.swift in Sources */ = {isa = PBXBuildFile; fileRef = 9C8FAEF02BA8BF90000FEAAF /* TypesWeaknessView.swift */; };
		9C8FAEF32BA8C061000FEAAF /* StatView.swift in Sources */ = {isa = PBXBuildFile; fileRef = 9C8FAEF22BA8C061000FEAAF /* StatView.swift */; };
		9C8FAEF52BAA70A3000FEAAF /* PokemonCard.swift in Sources */ = {isa = PBXBuildFile; fileRef = 9C8FAEF42BAA70A3000FEAAF /* PokemonCard.swift */; };
		9C8FAEF72BAA9380000FEAAF /* CapturedPokemonButton.swift in Sources */ = {isa = PBXBuildFile; fileRef = 9C8FAEF62BAA9380000FEAAF /* CapturedPokemonButton.swift */; };
		9C8FAEFA2BAA9CCD000FEAAF /* CapturedSectionView.swift in Sources */ = {isa = PBXBuildFile; fileRef = 9C8FAEF92BAA9CCD000FEAAF /* CapturedSectionView.swift */; };
		9C8FAEFC2BAA9EE3000FEAAF /* PokemonTypeSectionView.swift in Sources */ = {isa = PBXBuildFile; fileRef = 9C8FAEFB2BAA9EE3000FEAAF /* PokemonTypeSectionView.swift */; };
		9CF96D3B2BAB736F00DE35C0 /* FilterPokemonPickerView.swift in Sources */ = {isa = PBXBuildFile; fileRef = 9CF96D3A2BAB736F00DE35C0 /* FilterPokemonPickerView.swift */; };
		9CF96D3D2BAB7BB800DE35C0 /* EvolutionButtons.swift in Sources */ = {isa = PBXBuildFile; fileRef = 9CF96D3C2BAB7BB800DE35C0 /* EvolutionButtons.swift */; };
/* End PBXBuildFile section */

/* Begin PBXContainerItemProxy section */
		9C34474E2BA7F77700E7876A /* PBXContainerItemProxy */ = {
			isa = PBXContainerItemProxy;
			containerPortal = 9C3447352BA7F77300E7876A /* Project object */;
			proxyType = 1;
			remoteGlobalIDString = 9C34473C2BA7F77300E7876A;
			remoteInfo = Pokedex;
		};
		9C3447582BA7F77700E7876A /* PBXContainerItemProxy */ = {
			isa = PBXContainerItemProxy;
			containerPortal = 9C3447352BA7F77300E7876A /* Project object */;
			proxyType = 1;
			remoteGlobalIDString = 9C34473C2BA7F77300E7876A;
			remoteInfo = Pokedex;
		};
/* End PBXContainerItemProxy section */

/* Begin PBXFileReference section */
		9C043BBF2BAB36F7003B11EB /* PokeBallImageView.swift */ = {isa = PBXFileReference; lastKnownFileType = sourcecode.swift; path = PokeBallImageView.swift; sourceTree = "<group>"; };
		9C34473D2BA7F77300E7876A /* Pokedex.app */ = {isa = PBXFileReference; explicitFileType = wrapper.application; includeInIndex = 0; path = Pokedex.app; sourceTree = BUILT_PRODUCTS_DIR; };
		9C3447402BA7F77300E7876A /* PokedexApp.swift */ = {isa = PBXFileReference; lastKnownFileType = sourcecode.swift; path = PokedexApp.swift; sourceTree = "<group>"; };
		9C3447442BA7F77700E7876A /* Assets.xcassets */ = {isa = PBXFileReference; lastKnownFileType = folder.assetcatalog; path = Assets.xcassets; sourceTree = "<group>"; };
		9C3447472BA7F77700E7876A /* Preview Assets.xcassets */ = {isa = PBXFileReference; lastKnownFileType = folder.assetcatalog; path = "Preview Assets.xcassets"; sourceTree = "<group>"; };
		9C34474D2BA7F77700E7876A /* PokedexTests.xctest */ = {isa = PBXFileReference; explicitFileType = wrapper.cfbundle; includeInIndex = 0; path = PokedexTests.xctest; sourceTree = BUILT_PRODUCTS_DIR; };
		9C3447512BA7F77700E7876A /* PokedexTests.swift */ = {isa = PBXFileReference; lastKnownFileType = sourcecode.swift; path = PokedexTests.swift; sourceTree = "<group>"; };
		9C3447572BA7F77700E7876A /* PokedexUITests.xctest */ = {isa = PBXFileReference; explicitFileType = wrapper.cfbundle; includeInIndex = 0; path = PokedexUITests.xctest; sourceTree = BUILT_PRODUCTS_DIR; };
		9C34475B2BA7F77700E7876A /* PokedexUITests.swift */ = {isa = PBXFileReference; lastKnownFileType = sourcecode.swift; path = PokedexUITests.swift; sourceTree = "<group>"; };
		9C34475D2BA7F77700E7876A /* PokedexUITestsLaunchTests.swift */ = {isa = PBXFileReference; lastKnownFileType = sourcecode.swift; path = PokedexUITestsLaunchTests.swift; sourceTree = "<group>"; };
		9C34476A2BA7F8EA00E7876A /* Color+PokemonType.swift */ = {isa = PBXFileReference; fileEncoding = 4; lastKnownFileType = sourcecode.swift; path = "Color+PokemonType.swift"; sourceTree = "<group>"; };
		9C34476E2BA7F90100E7876A /* pokedex.json */ = {isa = PBXFileReference; fileEncoding = 4; lastKnownFileType = text.json; path = pokedex.json; sourceTree = "<group>"; };
		9C3447702BA7F90900E7876A /* PokemonType.swift */ = {isa = PBXFileReference; fileEncoding = 4; lastKnownFileType = sourcecode.swift; path = PokemonType.swift; sourceTree = "<group>"; };
		9C3447732BA802BC00E7876A /* Pokemon.swift */ = {isa = PBXFileReference; lastKnownFileType = sourcecode.swift; path = Pokemon.swift; sourceTree = "<group>"; };
		9C3447762BA802FE00E7876A /* PokedexManager.swift */ = {isa = PBXFileReference; lastKnownFileType = sourcecode.swift; path = PokedexManager.swift; sourceTree = "<group>"; };
		9C3447792BA805AD00E7876A /* PokedexHomeView.swift */ = {isa = PBXFileReference; lastKnownFileType = sourcecode.swift; path = PokedexHomeView.swift; sourceTree = "<group>"; };
		9C34477B2BA8077000E7876A /* PokedexCardView.swift */ = {isa = PBXFileReference; lastKnownFileType = sourcecode.swift; path = PokedexCardView.swift; sourceTree = "<group>"; };
		9C34477D2BA807BF00E7876A /* PokemonDetailView.swift */ = {isa = PBXFileReference; lastKnownFileType = sourcecode.swift; path = PokemonDetailView.swift; sourceTree = "<group>"; };
		9C34477F2BA807DC00E7876A /* PokemonImageView.swift */ = {isa = PBXFileReference; lastKnownFileType = sourcecode.swift; path = PokemonImageView.swift; sourceTree = "<group>"; };
		9C8FAEEB2BA8B810000FEAAF /* CapsuleTextView.swift */ = {isa = PBXFileReference; lastKnownFileType = sourcecode.swift; path = CapsuleTextView.swift; sourceTree = "<group>"; };
		9C8FAEED2BA8B886000FEAAF /* StatComponentView.swift */ = {isa = PBXFileReference; lastKnownFileType = sourcecode.swift; path = StatComponentView.swift; sourceTree = "<group>"; };
		9C8FAEF02BA8BF90000FEAAF /* TypesWeaknessView.swift */ = {isa = PBXFileReference; lastKnownFileType = sourcecode.swift; path = TypesWeaknessView.swift; sourceTree = "<group>"; };
		9C8FAEF22BA8C061000FEAAF /* StatView.swift */ = {isa = PBXFileReference; lastKnownFileType = sourcecode.swift; path = StatView.swift; sourceTree = "<group>"; };
		9C8FAEF42BAA70A3000FEAAF /* PokemonCard.swift */ = {isa = PBXFileReference; lastKnownFileType = sourcecode.swift; path = PokemonCard.swift; sourceTree = "<group>"; };
		9C8FAEF62BAA9380000FEAAF /* CapturedPokemonButton.swift */ = {isa = PBXFileReference; lastKnownFileType = sourcecode.swift; path = CapturedPokemonButton.swift; sourceTree = "<group>"; };
		9C8FAEF92BAA9CCD000FEAAF /* CapturedSectionView.swift */ = {isa = PBXFileReference; lastKnownFileType = sourcecode.swift; path = CapturedSectionView.swift; sourceTree = "<group>"; };
		9C8FAEFB2BAA9EE3000FEAAF /* PokemonTypeSectionView.swift */ = {isa = PBXFileReference; lastKnownFileType = sourcecode.swift; path = PokemonTypeSectionView.swift; sourceTree = "<group>"; };
		9CF96D3A2BAB736F00DE35C0 /* FilterPokemonPickerView.swift */ = {isa = PBXFileReference; lastKnownFileType = sourcecode.swift; path = FilterPokemonPickerView.swift; sourceTree = "<group>"; };
		9CF96D3C2BAB7BB800DE35C0 /* EvolutionButtons.swift */ = {isa = PBXFileReference; lastKnownFileType = sourcecode.swift; path = EvolutionButtons.swift; sourceTree = "<group>"; };
/* End PBXFileReference section */

/* Begin PBXFrameworksBuildPhase section */
		9C34473A2BA7F77300E7876A /* Frameworks */ = {
			isa = PBXFrameworksBuildPhase;
			buildActionMask = 2147483647;
			files = (
			);
			runOnlyForDeploymentPostprocessing = 0;
		};
		9C34474A2BA7F77700E7876A /* Frameworks */ = {
			isa = PBXFrameworksBuildPhase;
			buildActionMask = 2147483647;
			files = (
			);
			runOnlyForDeploymentPostprocessing = 0;
		};
		9C3447542BA7F77700E7876A /* Frameworks */ = {
			isa = PBXFrameworksBuildPhase;
			buildActionMask = 2147483647;
			files = (
			);
			runOnlyForDeploymentPostprocessing = 0;
		};
/* End PBXFrameworksBuildPhase section */

/* Begin PBXGroup section */
		9C043BC12BAB3922003B11EB /* ImageViews */ = {
			isa = PBXGroup;
			children = (
				9C043BBF2BAB36F7003B11EB /* PokeBallImageView.swift */,
				9C34477F2BA807DC00E7876A /* PokemonImageView.swift */,
			);
			path = ImageViews;
			sourceTree = "<group>";
		};
		9C3447342BA7F77300E7876A = {
			isa = PBXGroup;
			children = (
				9C34473F2BA7F77300E7876A /* Pokedex */,
				9C3447502BA7F77700E7876A /* PokedexTests */,
				9C34475A2BA7F77700E7876A /* PokedexUITests */,
				9C34473E2BA7F77300E7876A /* Products */,
			);
			sourceTree = "<group>";
		};
		9C34473E2BA7F77300E7876A /* Products */ = {
			isa = PBXGroup;
			children = (
				9C34473D2BA7F77300E7876A /* Pokedex.app */,
				9C34474D2BA7F77700E7876A /* PokedexTests.xctest */,
				9C3447572BA7F77700E7876A /* PokedexUITests.xctest */,
			);
			name = Products;
			sourceTree = "<group>";
		};
		9C34473F2BA7F77300E7876A /* Pokedex */ = {
			isa = PBXGroup;
			children = (
				9C34476E2BA7F90100E7876A /* pokedex.json */,
				9C3447782BA8059000E7876A /* Views */,
				9C3447752BA802E400E7876A /* ViewModel */,
				9C3447722BA802B000E7876A /* Model */,
				9C3447402BA7F77300E7876A /* PokedexApp.swift */,
				9C3447442BA7F77700E7876A /* Assets.xcassets */,
				9C3447462BA7F77700E7876A /* Preview Content */,
			);
			path = Pokedex;
			sourceTree = "<group>";
		};
		9C3447462BA7F77700E7876A /* Preview Content */ = {
			isa = PBXGroup;
			children = (
				9C3447472BA7F77700E7876A /* Preview Assets.xcassets */,
			);
			path = "Preview Content";
			sourceTree = "<group>";
		};
		9C3447502BA7F77700E7876A /* PokedexTests */ = {
			isa = PBXGroup;
			children = (
				9C3447512BA7F77700E7876A /* PokedexTests.swift */,
			);
			path = PokedexTests;
			sourceTree = "<group>";
		};
		9C34475A2BA7F77700E7876A /* PokedexUITests */ = {
			isa = PBXGroup;
			children = (
				9C34475B2BA7F77700E7876A /* PokedexUITests.swift */,
				9C34475D2BA7F77700E7876A /* PokedexUITestsLaunchTests.swift */,
			);
			path = PokedexUITests;
			sourceTree = "<group>";
		};
		9C3447722BA802B000E7876A /* Model */ = {
			isa = PBXGroup;
			children = (
				9C34476A2BA7F8EA00E7876A /* Color+PokemonType.swift */,
				9C3447702BA7F90900E7876A /* PokemonType.swift */,
				9C3447732BA802BC00E7876A /* Pokemon.swift */,
				9C8FAEF42BAA70A3000FEAAF /* PokemonCard.swift */,
			);
			path = Model;
			sourceTree = "<group>";
		};
		9C3447752BA802E400E7876A /* ViewModel */ = {
			isa = PBXGroup;
			children = (
				9C3447762BA802FE00E7876A /* PokedexManager.swift */,
			);
			path = ViewModel;
			sourceTree = "<group>";
		};
		9C3447782BA8059000E7876A /* Views */ = {
			isa = PBXGroup;
			children = (
				9C043BC12BAB3922003B11EB /* ImageViews */,
				9C8FAEF82BAA9CAB000FEAAF /* HomeView */,
				9C8FAEEF2BA8BE1A000FEAAF /* DetailView */,
			);
			path = Views;
			sourceTree = "<group>";
		};
		9C8FAEEF2BA8BE1A000FEAAF /* DetailView */ = {
			isa = PBXGroup;
			children = (
				9C34477D2BA807BF00E7876A /* PokemonDetailView.swift */,
				9C8FAEF22BA8C061000FEAAF /* StatView.swift */,
				9C8FAEED2BA8B886000FEAAF /* StatComponentView.swift */,
				9C8FAEF02BA8BF90000FEAAF /* TypesWeaknessView.swift */,
				9C8FAEEB2BA8B810000FEAAF /* CapsuleTextView.swift */,
				9C8FAEF62BAA9380000FEAAF /* CapturedPokemonButton.swift */,
				9CF96D3C2BAB7BB800DE35C0 /* EvolutionButtons.swift */,
			);
			path = DetailView;
			sourceTree = "<group>";
		};
		9C8FAEF82BAA9CAB000FEAAF /* HomeView */ = {
			isa = PBXGroup;
			children = (
				9C3447792BA805AD00E7876A /* PokedexHomeView.swift */,
				9C34477B2BA8077000E7876A /* PokedexCardView.swift */,
				9C8FAEF92BAA9CCD000FEAAF /* CapturedSectionView.swift */,
				9C8FAEFB2BAA9EE3000FEAAF /* PokemonTypeSectionView.swift */,
				9CF96D3A2BAB736F00DE35C0 /* FilterPokemonPickerView.swift */,
			);
			path = HomeView;
			sourceTree = "<group>";
		};
/* End PBXGroup section */

/* Begin PBXNativeTarget section */
		9C34473C2BA7F77300E7876A /* Pokedex */ = {
			isa = PBXNativeTarget;
			buildConfigurationList = 9C3447612BA7F77700E7876A /* Build configuration list for PBXNativeTarget "Pokedex" */;
			buildPhases = (
				9C3447392BA7F77300E7876A /* Sources */,
				9C34473A2BA7F77300E7876A /* Frameworks */,
				9C34473B2BA7F77300E7876A /* Resources */,
			);
			buildRules = (
			);
			dependencies = (
			);
			name = Pokedex;
			productName = Pokedex;
			productReference = 9C34473D2BA7F77300E7876A /* Pokedex.app */;
			productType = "com.apple.product-type.application";
		};
		9C34474C2BA7F77700E7876A /* PokedexTests */ = {
			isa = PBXNativeTarget;
			buildConfigurationList = 9C3447642BA7F77700E7876A /* Build configuration list for PBXNativeTarget "PokedexTests" */;
			buildPhases = (
				9C3447492BA7F77700E7876A /* Sources */,
				9C34474A2BA7F77700E7876A /* Frameworks */,
				9C34474B2BA7F77700E7876A /* Resources */,
			);
			buildRules = (
			);
			dependencies = (
				9C34474F2BA7F77700E7876A /* PBXTargetDependency */,
			);
			name = PokedexTests;
			productName = PokedexTests;
			productReference = 9C34474D2BA7F77700E7876A /* PokedexTests.xctest */;
			productType = "com.apple.product-type.bundle.unit-test";
		};
		9C3447562BA7F77700E7876A /* PokedexUITests */ = {
			isa = PBXNativeTarget;
			buildConfigurationList = 9C3447672BA7F77700E7876A /* Build configuration list for PBXNativeTarget "PokedexUITests" */;
			buildPhases = (
				9C3447532BA7F77700E7876A /* Sources */,
				9C3447542BA7F77700E7876A /* Frameworks */,
				9C3447552BA7F77700E7876A /* Resources */,
			);
			buildRules = (
			);
			dependencies = (
				9C3447592BA7F77700E7876A /* PBXTargetDependency */,
			);
			name = PokedexUITests;
			productName = PokedexUITests;
			productReference = 9C3447572BA7F77700E7876A /* PokedexUITests.xctest */;
			productType = "com.apple.product-type.bundle.ui-testing";
		};
/* End PBXNativeTarget section */

/* Begin PBXProject section */
		9C3447352BA7F77300E7876A /* Project object */ = {
			isa = PBXProject;
			attributes = {
				BuildIndependentTargetsInParallel = 1;
				LastSwiftUpdateCheck = 1520;
				LastUpgradeCheck = 1520;
				TargetAttributes = {
					9C34473C2BA7F77300E7876A = {
						CreatedOnToolsVersion = 15.2;
					};
					9C34474C2BA7F77700E7876A = {
						CreatedOnToolsVersion = 15.2;
						TestTargetID = 9C34473C2BA7F77300E7876A;
					};
					9C3447562BA7F77700E7876A = {
						CreatedOnToolsVersion = 15.2;
						TestTargetID = 9C34473C2BA7F77300E7876A;
					};
				};
			};
			buildConfigurationList = 9C3447382BA7F77300E7876A /* Build configuration list for PBXProject "Pokedex" */;
			compatibilityVersion = "Xcode 14.0";
			developmentRegion = en;
			hasScannedForEncodings = 0;
			knownRegions = (
				en,
				Base,
			);
			mainGroup = 9C3447342BA7F77300E7876A;
			productRefGroup = 9C34473E2BA7F77300E7876A /* Products */;
			projectDirPath = "";
			projectRoot = "";
			targets = (
				9C34473C2BA7F77300E7876A /* Pokedex */,
				9C34474C2BA7F77700E7876A /* PokedexTests */,
				9C3447562BA7F77700E7876A /* PokedexUITests */,
			);
		};
/* End PBXProject section */

/* Begin PBXResourcesBuildPhase section */
		9C34473B2BA7F77300E7876A /* Resources */ = {
			isa = PBXResourcesBuildPhase;
			buildActionMask = 2147483647;
			files = (
				9C34476F2BA7F90100E7876A /* pokedex.json in Resources */,
				9C3447482BA7F77700E7876A /* Preview Assets.xcassets in Resources */,
				9C3447452BA7F77700E7876A /* Assets.xcassets in Resources */,
			);
			runOnlyForDeploymentPostprocessing = 0;
		};
		9C34474B2BA7F77700E7876A /* Resources */ = {
			isa = PBXResourcesBuildPhase;
			buildActionMask = 2147483647;
			files = (
			);
			runOnlyForDeploymentPostprocessing = 0;
		};
		9C3447552BA7F77700E7876A /* Resources */ = {
			isa = PBXResourcesBuildPhase;
			buildActionMask = 2147483647;
			files = (
			);
			runOnlyForDeploymentPostprocessing = 0;
		};
/* End PBXResourcesBuildPhase section */

/* Begin PBXSourcesBuildPhase section */
		9C3447392BA7F77300E7876A /* Sources */ = {
			isa = PBXSourcesBuildPhase;
			buildActionMask = 2147483647;
			files = (
				9C8FAEEE2BA8B886000FEAAF /* StatComponentView.swift in Sources */,
				9C3447772BA802FE00E7876A /* PokedexManager.swift in Sources */,
				9C34477E2BA807BF00E7876A /* PokemonDetailView.swift in Sources */,
				9C8FAEF12BA8BF90000FEAAF /* TypesWeaknessView.swift in Sources */,
				9C3447742BA802BC00E7876A /* Pokemon.swift in Sources */,
				9CF96D3D2BAB7BB800DE35C0 /* EvolutionButtons.swift in Sources */,
				9C8FAEF32BA8C061000FEAAF /* StatView.swift in Sources */,
				9C34477C2BA8077000E7876A /* PokedexCardView.swift in Sources */,
				9C34476B2BA7F8EA00E7876A /* Color+PokemonType.swift in Sources */,
				9C043BC02BAB36F7003B11EB /* PokeBallImageView.swift in Sources */,
				9C8FAEFA2BAA9CCD000FEAAF /* CapturedSectionView.swift in Sources */,
				9C8FAEEC2BA8B810000FEAAF /* CapsuleTextView.swift in Sources */,
				9C3447412BA7F77300E7876A /* PokedexApp.swift in Sources */,
				9C34477A2BA805AD00E7876A /* PokedexHomeView.swift in Sources */,
				9C3447712BA7F90900E7876A /* PokemonType.swift in Sources */,
				9C3447802BA807DC00E7876A /* PokemonImageView.swift in Sources */,
				9CF96D3B2BAB736F00DE35C0 /* FilterPokemonPickerView.swift in Sources */,
				9C8FAEFC2BAA9EE3000FEAAF /* PokemonTypeSectionView.swift in Sources */,
				9C8FAEF72BAA9380000FEAAF /* CapturedPokemonButton.swift in Sources */,
				9C8FAEF52BAA70A3000FEAAF /* PokemonCard.swift in Sources */,
			);
			runOnlyForDeploymentPostprocessing = 0;
		};
		9C3447492BA7F77700E7876A /* Sources */ = {
			isa = PBXSourcesBuildPhase;
			buildActionMask = 2147483647;
			files = (
				9C3447522BA7F77700E7876A /* PokedexTests.swift in Sources */,
			);
			runOnlyForDeploymentPostprocessing = 0;
		};
		9C3447532BA7F77700E7876A /* Sources */ = {
			isa = PBXSourcesBuildPhase;
			buildActionMask = 2147483647;
			files = (
				9C34475C2BA7F77700E7876A /* PokedexUITests.swift in Sources */,
				9C34475E2BA7F77700E7876A /* PokedexUITestsLaunchTests.swift in Sources */,
			);
			runOnlyForDeploymentPostprocessing = 0;
		};
/* End PBXSourcesBuildPhase section */

/* Begin PBXTargetDependency section */
		9C34474F2BA7F77700E7876A /* PBXTargetDependency */ = {
			isa = PBXTargetDependency;
			target = 9C34473C2BA7F77300E7876A /* Pokedex */;
			targetProxy = 9C34474E2BA7F77700E7876A /* PBXContainerItemProxy */;
		};
		9C3447592BA7F77700E7876A /* PBXTargetDependency */ = {
			isa = PBXTargetDependency;
			target = 9C34473C2BA7F77300E7876A /* Pokedex */;
			targetProxy = 9C3447582BA7F77700E7876A /* PBXContainerItemProxy */;
		};
/* End PBXTargetDependency section */

/* Begin XCBuildConfiguration section */
		9C34475F2BA7F77700E7876A /* Debug */ = {
			isa = XCBuildConfiguration;
			buildSettings = {
				ALWAYS_SEARCH_USER_PATHS = NO;
				ASSETCATALOG_COMPILER_GENERATE_SWIFT_ASSET_SYMBOL_EXTENSIONS = YES;
				CLANG_ANALYZER_NONNULL = YES;
				CLANG_ANALYZER_NUMBER_OBJECT_CONVERSION = YES_AGGRESSIVE;
				CLANG_CXX_LANGUAGE_STANDARD = "gnu++20";
				CLANG_ENABLE_MODULES = YES;
				CLANG_ENABLE_OBJC_ARC = YES;
				CLANG_ENABLE_OBJC_WEAK = YES;
				CLANG_WARN_BLOCK_CAPTURE_AUTORELEASING = YES;
				CLANG_WARN_BOOL_CONVERSION = YES;
				CLANG_WARN_COMMA = YES;
				CLANG_WARN_CONSTANT_CONVERSION = YES;
				CLANG_WARN_DEPRECATED_OBJC_IMPLEMENTATIONS = YES;
				CLANG_WARN_DIRECT_OBJC_ISA_USAGE = YES_ERROR;
				CLANG_WARN_DOCUMENTATION_COMMENTS = YES;
				CLANG_WARN_EMPTY_BODY = YES;
				CLANG_WARN_ENUM_CONVERSION = YES;
				CLANG_WARN_INFINITE_RECURSION = YES;
				CLANG_WARN_INT_CONVERSION = YES;
				CLANG_WARN_NON_LITERAL_NULL_CONVERSION = YES;
				CLANG_WARN_OBJC_IMPLICIT_RETAIN_SELF = YES;
				CLANG_WARN_OBJC_LITERAL_CONVERSION = YES;
				CLANG_WARN_OBJC_ROOT_CLASS = YES_ERROR;
				CLANG_WARN_QUOTED_INCLUDE_IN_FRAMEWORK_HEADER = YES;
				CLANG_WARN_RANGE_LOOP_ANALYSIS = YES;
				CLANG_WARN_STRICT_PROTOTYPES = YES;
				CLANG_WARN_SUSPICIOUS_MOVE = YES;
				CLANG_WARN_UNGUARDED_AVAILABILITY = YES_AGGRESSIVE;
				CLANG_WARN_UNREACHABLE_CODE = YES;
				CLANG_WARN__DUPLICATE_METHOD_MATCH = YES;
				COPY_PHASE_STRIP = NO;
				DEBUG_INFORMATION_FORMAT = dwarf;
				ENABLE_STRICT_OBJC_MSGSEND = YES;
				ENABLE_TESTABILITY = YES;
				ENABLE_USER_SCRIPT_SANDBOXING = YES;
				GCC_C_LANGUAGE_STANDARD = gnu17;
				GCC_DYNAMIC_NO_PIC = NO;
				GCC_NO_COMMON_BLOCKS = YES;
				GCC_OPTIMIZATION_LEVEL = 0;
				GCC_PREPROCESSOR_DEFINITIONS = (
					"DEBUG=1",
					"$(inherited)",
				);
				GCC_WARN_64_TO_32_BIT_CONVERSION = YES;
				GCC_WARN_ABOUT_RETURN_TYPE = YES_ERROR;
				GCC_WARN_UNDECLARED_SELECTOR = YES;
				GCC_WARN_UNINITIALIZED_AUTOS = YES_AGGRESSIVE;
				GCC_WARN_UNUSED_FUNCTION = YES;
				GCC_WARN_UNUSED_VARIABLE = YES;
				IPHONEOS_DEPLOYMENT_TARGET = 17.2;
				LOCALIZATION_PREFERS_STRING_CATALOGS = YES;
				MTL_ENABLE_DEBUG_INFO = INCLUDE_SOURCE;
				MTL_FAST_MATH = YES;
				ONLY_ACTIVE_ARCH = YES;
				SDKROOT = iphoneos;
				SWIFT_ACTIVE_COMPILATION_CONDITIONS = "DEBUG $(inherited)";
				SWIFT_OPTIMIZATION_LEVEL = "-Onone";
			};
			name = Debug;
		};
		9C3447602BA7F77700E7876A /* Release */ = {
			isa = XCBuildConfiguration;
			buildSettings = {
				ALWAYS_SEARCH_USER_PATHS = NO;
				ASSETCATALOG_COMPILER_GENERATE_SWIFT_ASSET_SYMBOL_EXTENSIONS = YES;
				CLANG_ANALYZER_NONNULL = YES;
				CLANG_ANALYZER_NUMBER_OBJECT_CONVERSION = YES_AGGRESSIVE;
				CLANG_CXX_LANGUAGE_STANDARD = "gnu++20";
				CLANG_ENABLE_MODULES = YES;
				CLANG_ENABLE_OBJC_ARC = YES;
				CLANG_ENABLE_OBJC_WEAK = YES;
				CLANG_WARN_BLOCK_CAPTURE_AUTORELEASING = YES;
				CLANG_WARN_BOOL_CONVERSION = YES;
				CLANG_WARN_COMMA = YES;
				CLANG_WARN_CONSTANT_CONVERSION = YES;
				CLANG_WARN_DEPRECATED_OBJC_IMPLEMENTATIONS = YES;
				CLANG_WARN_DIRECT_OBJC_ISA_USAGE = YES_ERROR;
				CLANG_WARN_DOCUMENTATION_COMMENTS = YES;
				CLANG_WARN_EMPTY_BODY = YES;
				CLANG_WARN_ENUM_CONVERSION = YES;
				CLANG_WARN_INFINITE_RECURSION = YES;
				CLANG_WARN_INT_CONVERSION = YES;
				CLANG_WARN_NON_LITERAL_NULL_CONVERSION = YES;
				CLANG_WARN_OBJC_IMPLICIT_RETAIN_SELF = YES;
				CLANG_WARN_OBJC_LITERAL_CONVERSION = YES;
				CLANG_WARN_OBJC_ROOT_CLASS = YES_ERROR;
				CLANG_WARN_QUOTED_INCLUDE_IN_FRAMEWORK_HEADER = YES;
				CLANG_WARN_RANGE_LOOP_ANALYSIS = YES;
				CLANG_WARN_STRICT_PROTOTYPES = YES;
				CLANG_WARN_SUSPICIOUS_MOVE = YES;
				CLANG_WARN_UNGUARDED_AVAILABILITY = YES_AGGRESSIVE;
				CLANG_WARN_UNREACHABLE_CODE = YES;
				CLANG_WARN__DUPLICATE_METHOD_MATCH = YES;
				COPY_PHASE_STRIP = NO;
				DEBUG_INFORMATION_FORMAT = "dwarf-with-dsym";
				ENABLE_NS_ASSERTIONS = NO;
				ENABLE_STRICT_OBJC_MSGSEND = YES;
				ENABLE_USER_SCRIPT_SANDBOXING = YES;
				GCC_C_LANGUAGE_STANDARD = gnu17;
				GCC_NO_COMMON_BLOCKS = YES;
				GCC_WARN_64_TO_32_BIT_CONVERSION = YES;
				GCC_WARN_ABOUT_RETURN_TYPE = YES_ERROR;
				GCC_WARN_UNDECLARED_SELECTOR = YES;
				GCC_WARN_UNINITIALIZED_AUTOS = YES_AGGRESSIVE;
				GCC_WARN_UNUSED_FUNCTION = YES;
				GCC_WARN_UNUSED_VARIABLE = YES;
				IPHONEOS_DEPLOYMENT_TARGET = 17.2;
				LOCALIZATION_PREFERS_STRING_CATALOGS = YES;
				MTL_ENABLE_DEBUG_INFO = NO;
				MTL_FAST_MATH = YES;
				SDKROOT = iphoneos;
				SWIFT_COMPILATION_MODE = wholemodule;
				VALIDATE_PRODUCT = YES;
			};
			name = Release;
		};
		9C3447622BA7F77700E7876A /* Debug */ = {
			isa = XCBuildConfiguration;
			buildSettings = {
				ASSETCATALOG_COMPILER_APPICON_NAME = AppIcon;
				ASSETCATALOG_COMPILER_GLOBAL_ACCENT_COLOR_NAME = AccentColor;
				CODE_SIGN_STYLE = Automatic;
				CURRENT_PROJECT_VERSION = 1;
				DEVELOPMENT_ASSET_PATHS = "\"Pokedex/Preview Content\"";
				DEVELOPMENT_TEAM = AC89BD77SC;
				ENABLE_PREVIEWS = YES;
				GENERATE_INFOPLIST_FILE = YES;
				INFOPLIST_KEY_UIApplicationSceneManifest_Generation = YES;
				INFOPLIST_KEY_UIApplicationSupportsIndirectInputEvents = YES;
				INFOPLIST_KEY_UILaunchScreen_Generation = YES;
				INFOPLIST_KEY_UISupportedInterfaceOrientations_iPad = "UIInterfaceOrientationPortrait UIInterfaceOrientationPortraitUpsideDown UIInterfaceOrientationLandscapeLeft UIInterfaceOrientationLandscapeRight";
				INFOPLIST_KEY_UISupportedInterfaceOrientations_iPhone = "UIInterfaceOrientationPortrait UIInterfaceOrientationLandscapeLeft UIInterfaceOrientationLandscapeRight";
				LD_RUNPATH_SEARCH_PATHS = (
					"$(inherited)",
					"@executable_path/Frameworks",
				);
				MARKETING_VERSION = 1.0;
				PRODUCT_BUNDLE_IDENTIFIER = edu.psu.rps5836.Pokedex;
				PRODUCT_NAME = "$(TARGET_NAME)";
				SWIFT_EMIT_LOC_STRINGS = YES;
				SWIFT_VERSION = 5.0;
				TARGETED_DEVICE_FAMILY = "1,2";
			};
			name = Debug;
		};
		9C3447632BA7F77700E7876A /* Release */ = {
			isa = XCBuildConfiguration;
			buildSettings = {
				ASSETCATALOG_COMPILER_APPICON_NAME = AppIcon;
				ASSETCATALOG_COMPILER_GLOBAL_ACCENT_COLOR_NAME = AccentColor;
				CODE_SIGN_STYLE = Automatic;
				CURRENT_PROJECT_VERSION = 1;
				DEVELOPMENT_ASSET_PATHS = "\"Pokedex/Preview Content\"";
				DEVELOPMENT_TEAM = AC89BD77SC;
				ENABLE_PREVIEWS = YES;
				GENERATE_INFOPLIST_FILE = YES;
				INFOPLIST_KEY_UIApplicationSceneManifest_Generation = YES;
				INFOPLIST_KEY_UIApplicationSupportsIndirectInputEvents = YES;
				INFOPLIST_KEY_UILaunchScreen_Generation = YES;
				INFOPLIST_KEY_UISupportedInterfaceOrientations_iPad = "UIInterfaceOrientationPortrait UIInterfaceOrientationPortraitUpsideDown UIInterfaceOrientationLandscapeLeft UIInterfaceOrientationLandscapeRight";
				INFOPLIST_KEY_UISupportedInterfaceOrientations_iPhone = "UIInterfaceOrientationPortrait UIInterfaceOrientationLandscapeLeft UIInterfaceOrientationLandscapeRight";
				LD_RUNPATH_SEARCH_PATHS = (
					"$(inherited)",
					"@executable_path/Frameworks",
				);
				MARKETING_VERSION = 1.0;
				PRODUCT_BUNDLE_IDENTIFIER = edu.psu.rps5836.Pokedex;
				PRODUCT_NAME = "$(TARGET_NAME)";
				SWIFT_EMIT_LOC_STRINGS = YES;
				SWIFT_VERSION = 5.0;
				TARGETED_DEVICE_FAMILY = "1,2";
			};
			name = Release;
		};
		9C3447652BA7F77700E7876A /* Debug */ = {
			isa = XCBuildConfiguration;
			buildSettings = {
				ALWAYS_EMBED_SWIFT_STANDARD_LIBRARIES = YES;
				BUNDLE_LOADER = "$(TEST_HOST)";
				CODE_SIGN_STYLE = Automatic;
				CURRENT_PROJECT_VERSION = 1;
				DEVELOPMENT_TEAM = AC89BD77SC;
				GENERATE_INFOPLIST_FILE = YES;
				IPHONEOS_DEPLOYMENT_TARGET = 17.2;
				MARKETING_VERSION = 1.0;
				PRODUCT_BUNDLE_IDENTIFIER = edu.psu.rps5836.PokedexTests;
				PRODUCT_NAME = "$(TARGET_NAME)";
				SWIFT_EMIT_LOC_STRINGS = NO;
				SWIFT_VERSION = 5.0;
				TARGETED_DEVICE_FAMILY = "1,2";
				TEST_HOST = "$(BUILT_PRODUCTS_DIR)/Pokedex.app/$(BUNDLE_EXECUTABLE_FOLDER_PATH)/Pokedex";
			};
			name = Debug;
		};
		9C3447662BA7F77700E7876A /* Release */ = {
			isa = XCBuildConfiguration;
			buildSettings = {
				ALWAYS_EMBED_SWIFT_STANDARD_LIBRARIES = YES;
				BUNDLE_LOADER = "$(TEST_HOST)";
				CODE_SIGN_STYLE = Automatic;
				CURRENT_PROJECT_VERSION = 1;
				DEVELOPMENT_TEAM = AC89BD77SC;
				GENERATE_INFOPLIST_FILE = YES;
				IPHONEOS_DEPLOYMENT_TARGET = 17.2;
				MARKETING_VERSION = 1.0;
				PRODUCT_BUNDLE_IDENTIFIER = edu.psu.rps5836.PokedexTests;
				PRODUCT_NAME = "$(TARGET_NAME)";
				SWIFT_EMIT_LOC_STRINGS = NO;
				SWIFT_VERSION = 5.0;
				TARGETED_DEVICE_FAMILY = "1,2";
				TEST_HOST = "$(BUILT_PRODUCTS_DIR)/Pokedex.app/$(BUNDLE_EXECUTABLE_FOLDER_PATH)/Pokedex";
			};
			name = Release;
		};
		9C3447682BA7F77700E7876A /* Debug */ = {
			isa = XCBuildConfiguration;
			buildSettings = {
				ALWAYS_EMBED_SWIFT_STANDARD_LIBRARIES = YES;
				CODE_SIGN_STYLE = Automatic;
				CURRENT_PROJECT_VERSION = 1;
				DEVELOPMENT_TEAM = AC89BD77SC;
				GENERATE_INFOPLIST_FILE = YES;
				MARKETING_VERSION = 1.0;
				PRODUCT_BUNDLE_IDENTIFIER = edu.psu.rps5836.PokedexUITests;
				PRODUCT_NAME = "$(TARGET_NAME)";
				SWIFT_EMIT_LOC_STRINGS = NO;
				SWIFT_VERSION = 5.0;
				TARGETED_DEVICE_FAMILY = "1,2";
				TEST_TARGET_NAME = Pokedex;
			};
			name = Debug;
		};
		9C3447692BA7F77700E7876A /* Release */ = {
			isa = XCBuildConfiguration;
			buildSettings = {
				ALWAYS_EMBED_SWIFT_STANDARD_LIBRARIES = YES;
				CODE_SIGN_STYLE = Automatic;
				CURRENT_PROJECT_VERSION = 1;
				DEVELOPMENT_TEAM = AC89BD77SC;
				GENERATE_INFOPLIST_FILE = YES;
				MARKETING_VERSION = 1.0;
				PRODUCT_BUNDLE_IDENTIFIER = edu.psu.rps5836.PokedexUITests;
				PRODUCT_NAME = "$(TARGET_NAME)";
				SWIFT_EMIT_LOC_STRINGS = NO;
				SWIFT_VERSION = 5.0;
				TARGETED_DEVICE_FAMILY = "1,2";
				TEST_TARGET_NAME = Pokedex;
			};
			name = Release;
		};
/* End XCBuildConfiguration section */

/* Begin XCConfigurationList section */
		9C3447382BA7F77300E7876A /* Build configuration list for PBXProject "Pokedex" */ = {
			isa = XCConfigurationList;
			buildConfigurations = (
				9C34475F2BA7F77700E7876A /* Debug */,
				9C3447602BA7F77700E7876A /* Release */,
			);
			defaultConfigurationIsVisible = 0;
			defaultConfigurationName = Release;
		};
		9C3447612BA7F77700E7876A /* Build configuration list for PBXNativeTarget "Pokedex" */ = {
			isa = XCConfigurationList;
			buildConfigurations = (
				9C3447622BA7F77700E7876A /* Debug */,
				9C3447632BA7F77700E7876A /* Release */,
			);
			defaultConfigurationIsVisible = 0;
			defaultConfigurationName = Release;
		};
		9C3447642BA7F77700E7876A /* Build configuration list for PBXNativeTarget "PokedexTests" */ = {
			isa = XCConfigurationList;
			buildConfigurations = (
				9C3447652BA7F77700E7876A /* Debug */,
				9C3447662BA7F77700E7876A /* Release */,
			);
			defaultConfigurationIsVisible = 0;
			defaultConfigurationName = Release;
		};
		9C3447672BA7F77700E7876A /* Build configuration list for PBXNativeTarget "PokedexUITests" */ = {
			isa = XCConfigurationList;
			buildConfigurations = (
				9C3447682BA7F77700E7876A /* Debug */,
				9C3447692BA7F77700E7876A /* Release */,
			);
			defaultConfigurationIsVisible = 0;
			defaultConfigurationName = Release;
		};
/* End XCConfigurationList section */
	};
	rootObject = 9C3447352BA7F77300E7876A /* Project object */;
}
