// !$*UTF8*$!
{
	archiveVersion = 1;
	classes = {
	};
	objectVersion = 56;
	objects = {

/* Begin PBXBuildFile section */
		9CAA42EA2B6F1FFD00E1CF27 /* Pentomino_PuzzleApp.swift in Sources */ = {isa = PBXBuildFile; fileRef = 9CAA42E92B6F1FFD00E1CF27 /* Pentomino_PuzzleApp.swift */; };
		9CAA42EC2B6F1FFD00E1CF27 /* ContentView.swift in Sources */ = {isa = PBXBuildFile; fileRef = 9CAA42EB2B6F1FFD00E1CF27 /* ContentView.swift */; };
		9CAA42EE2B6F1FFF00E1CF27 /* Assets.xcassets in Resources */ = {isa = PBXBuildFile; fileRef = 9CAA42ED2B6F1FFF00E1CF27 /* Assets.xcassets */; };
		9CAA42F12B6F1FFF00E1CF27 /* Preview Assets.xcassets in Resources */ = {isa = PBXBuildFile; fileRef = 9CAA42F02B6F1FFF00E1CF27 /* Preview Assets.xcassets */; };
		9CAA42FB2B6F200000E1CF27 /* Pentomino_PuzzleTests.swift in Sources */ = {isa = PBXBuildFile; fileRef = 9CAA42FA2B6F200000E1CF27 /* Pentomino_PuzzleTests.swift */; };
		9CAA43052B6F200000E1CF27 /* Pentomino_PuzzleUITests.swift in Sources */ = {isa = PBXBuildFile; fileRef = 9CAA43042B6F200000E1CF27 /* Pentomino_PuzzleUITests.swift */; };
		9CAA43072B6F200000E1CF27 /* Pentomino_PuzzleUITestsLaunchTests.swift in Sources */ = {isa = PBXBuildFile; fileRef = 9CAA43062B6F200000E1CF27 /* Pentomino_PuzzleUITestsLaunchTests.swift */; };
		9CAA43142B6F226500E1CF27 /* Model.swift in Sources */ = {isa = PBXBuildFile; fileRef = 9CAA43132B6F226500E1CF27 /* Model.swift */; };
		9CAA43182B6F228700E1CF27 /* PuzzleOutlines.json in Resources */ = {isa = PBXBuildFile; fileRef = 9CAA43152B6F228700E1CF27 /* PuzzleOutlines.json */; };
		9CAA43192B6F228700E1CF27 /* Solutions.json in Resources */ = {isa = PBXBuildFile; fileRef = 9CAA43162B6F228700E1CF27 /* Solutions.json */; };
		9CAA431A2B6F228700E1CF27 /* PentominoOutlines.json in Resources */ = {isa = PBXBuildFile; fileRef = 9CAA43172B6F228700E1CF27 /* PentominoOutlines.json */; };
		9CAA431D2B6F2A1D00E1CF27 /* PuzzleManager.swift in Sources */ = {isa = PBXBuildFile; fileRef = 9CAA431C2B6F2A1D00E1CF27 /* PuzzleManager.swift */; };
		9CAA43222B6F2DB100E1CF27 /* GridView.swift in Sources */ = {isa = PBXBuildFile; fileRef = 9CAA43212B6F2DB100E1CF27 /* GridView.swift */; };
		9CAA43242B6F2DCB00E1CF27 /* PentominoView.swift in Sources */ = {isa = PBXBuildFile; fileRef = 9CAA43232B6F2DCB00E1CF27 /* PentominoView.swift */; };
		9CAA43262B6F2DE000E1CF27 /* PuzzleShapeView.swift in Sources */ = {isa = PBXBuildFile; fileRef = 9CAA43252B6F2DE000E1CF27 /* PuzzleShapeView.swift */; };
/* End PBXBuildFile section */

/* Begin PBXContainerItemProxy section */
		9CAA42F72B6F200000E1CF27 /* PBXContainerItemProxy */ = {
			isa = PBXContainerItemProxy;
			containerPortal = 9CAA42DE2B6F1FFD00E1CF27 /* Project object */;
			proxyType = 1;
			remoteGlobalIDString = 9CAA42E52B6F1FFD00E1CF27;
			remoteInfo = "Pentomino Puzzle";
		};
		9CAA43012B6F200000E1CF27 /* PBXContainerItemProxy */ = {
			isa = PBXContainerItemProxy;
			containerPortal = 9CAA42DE2B6F1FFD00E1CF27 /* Project object */;
			proxyType = 1;
			remoteGlobalIDString = 9CAA42E52B6F1FFD00E1CF27;
			remoteInfo = "Pentomino Puzzle";
		};
/* End PBXContainerItemProxy section */

/* Begin PBXFileReference section */
		9CAA42E62B6F1FFD00E1CF27 /* Pentomino Puzzle.app */ = {isa = PBXFileReference; explicitFileType = wrapper.application; includeInIndex = 0; path = "Pentomino Puzzle.app"; sourceTree = BUILT_PRODUCTS_DIR; };
		9CAA42E92B6F1FFD00E1CF27 /* Pentomino_PuzzleApp.swift */ = {isa = PBXFileReference; lastKnownFileType = sourcecode.swift; path = Pentomino_PuzzleApp.swift; sourceTree = "<group>"; };
		9CAA42EB2B6F1FFD00E1CF27 /* ContentView.swift */ = {isa = PBXFileReference; lastKnownFileType = sourcecode.swift; path = ContentView.swift; sourceTree = "<group>"; };
		9CAA42ED2B6F1FFF00E1CF27 /* Assets.xcassets */ = {isa = PBXFileReference; lastKnownFileType = folder.assetcatalog; path = Assets.xcassets; sourceTree = "<group>"; };
		9CAA42F02B6F1FFF00E1CF27 /* Preview Assets.xcassets */ = {isa = PBXFileReference; lastKnownFileType = folder.assetcatalog; path = "Preview Assets.xcassets"; sourceTree = "<group>"; };
		9CAA42F62B6F200000E1CF27 /* Pentomino PuzzleTests.xctest */ = {isa = PBXFileReference; explicitFileType = wrapper.cfbundle; includeInIndex = 0; path = "Pentomino PuzzleTests.xctest"; sourceTree = BUILT_PRODUCTS_DIR; };
		9CAA42FA2B6F200000E1CF27 /* Pentomino_PuzzleTests.swift */ = {isa = PBXFileReference; lastKnownFileType = sourcecode.swift; path = Pentomino_PuzzleTests.swift; sourceTree = "<group>"; };
		9CAA43002B6F200000E1CF27 /* Pentomino PuzzleUITests.xctest */ = {isa = PBXFileReference; explicitFileType = wrapper.cfbundle; includeInIndex = 0; path = "Pentomino PuzzleUITests.xctest"; sourceTree = BUILT_PRODUCTS_DIR; };
		9CAA43042B6F200000E1CF27 /* Pentomino_PuzzleUITests.swift */ = {isa = PBXFileReference; lastKnownFileType = sourcecode.swift; path = Pentomino_PuzzleUITests.swift; sourceTree = "<group>"; };
		9CAA43062B6F200000E1CF27 /* Pentomino_PuzzleUITestsLaunchTests.swift */ = {isa = PBXFileReference; lastKnownFileType = sourcecode.swift; path = Pentomino_PuzzleUITestsLaunchTests.swift; sourceTree = "<group>"; };
		9CAA43132B6F226500E1CF27 /* Model.swift */ = {isa = PBXFileReference; fileEncoding = 4; lastKnownFileType = sourcecode.swift; path = Model.swift; sourceTree = "<group>"; };
		9CAA43152B6F228700E1CF27 /* PuzzleOutlines.json */ = {isa = PBXFileReference; fileEncoding = 4; lastKnownFileType = text.json; path = PuzzleOutlines.json; sourceTree = "<group>"; };
		9CAA43162B6F228700E1CF27 /* Solutions.json */ = {isa = PBXFileReference; fileEncoding = 4; lastKnownFileType = text.json; path = Solutions.json; sourceTree = "<group>"; };
		9CAA43172B6F228700E1CF27 /* PentominoOutlines.json */ = {isa = PBXFileReference; fileEncoding = 4; lastKnownFileType = text.json; path = PentominoOutlines.json; sourceTree = "<group>"; };
		9CAA431C2B6F2A1D00E1CF27 /* PuzzleManager.swift */ = {isa = PBXFileReference; lastKnownFileType = sourcecode.swift; path = PuzzleManager.swift; sourceTree = "<group>"; };
		9CAA43212B6F2DB100E1CF27 /* GridView.swift */ = {isa = PBXFileReference; lastKnownFileType = sourcecode.swift; path = GridView.swift; sourceTree = "<group>"; };
		9CAA43232B6F2DCB00E1CF27 /* PentominoView.swift */ = {isa = PBXFileReference; lastKnownFileType = sourcecode.swift; path = PentominoView.swift; sourceTree = "<group>"; };
		9CAA43252B6F2DE000E1CF27 /* PuzzleShapeView.swift */ = {isa = PBXFileReference; lastKnownFileType = sourcecode.swift; path = PuzzleShapeView.swift; sourceTree = "<group>"; };
/* End PBXFileReference section */

/* Begin PBXFrameworksBuildPhase section */
		9CAA42E32B6F1FFD00E1CF27 /* Frameworks */ = {
			isa = PBXFrameworksBuildPhase;
			buildActionMask = 2147483647;
			files = (
			);
			runOnlyForDeploymentPostprocessing = 0;
		};
		9CAA42F32B6F200000E1CF27 /* Frameworks */ = {
			isa = PBXFrameworksBuildPhase;
			buildActionMask = 2147483647;
			files = (
			);
			runOnlyForDeploymentPostprocessing = 0;
		};
		9CAA42FD2B6F200000E1CF27 /* Frameworks */ = {
			isa = PBXFrameworksBuildPhase;
			buildActionMask = 2147483647;
			files = (
			);
			runOnlyForDeploymentPostprocessing = 0;
		};
/* End PBXFrameworksBuildPhase section */

/* Begin PBXGroup section */
		9CAA42DD2B6F1FFD00E1CF27 = {
			isa = PBXGroup;
			children = (
				9CAA42E82B6F1FFD00E1CF27 /* Pentomino Puzzle */,
				9CAA42F92B6F200000E1CF27 /* Pentomino PuzzleTests */,
				9CAA43032B6F200000E1CF27 /* Pentomino PuzzleUITests */,
				9CAA42E72B6F1FFD00E1CF27 /* Products */,
			);
			sourceTree = "<group>";
		};
		9CAA42E72B6F1FFD00E1CF27 /* Products */ = {
			isa = PBXGroup;
			children = (
				9CAA42E62B6F1FFD00E1CF27 /* Pentomino Puzzle.app */,
				9CAA42F62B6F200000E1CF27 /* Pentomino PuzzleTests.xctest */,
				9CAA43002B6F200000E1CF27 /* Pentomino PuzzleUITests.xctest */,
			);
			name = Products;
			sourceTree = "<group>";
		};
		9CAA42E82B6F1FFD00E1CF27 /* Pentomino Puzzle */ = {
			isa = PBXGroup;
			children = (
				9CAA43202B6F2D9B00E1CF27 /* Views */,
				9CAA431F2B6F2D8C00E1CF27 /* Resources */,
				9CAA431E2B6F2A2700E1CF27 /* ViewModel */,
				9CAA431B2B6F27F500E1CF27 /* Model */,
				9CAA42E92B6F1FFD00E1CF27 /* Pentomino_PuzzleApp.swift */,
				9CAA42EB2B6F1FFD00E1CF27 /* ContentView.swift */,
				9CAA42ED2B6F1FFF00E1CF27 /* Assets.xcassets */,
				9CAA42EF2B6F1FFF00E1CF27 /* Preview Content */,
			);
			path = "Pentomino Puzzle";
			sourceTree = "<group>";
		};
		9CAA42EF2B6F1FFF00E1CF27 /* Preview Content */ = {
			isa = PBXGroup;
			children = (
				9CAA42F02B6F1FFF00E1CF27 /* Preview Assets.xcassets */,
			);
			path = "Preview Content";
			sourceTree = "<group>";
		};
		9CAA42F92B6F200000E1CF27 /* Pentomino PuzzleTests */ = {
			isa = PBXGroup;
			children = (
				9CAA42FA2B6F200000E1CF27 /* Pentomino_PuzzleTests.swift */,
			);
			path = "Pentomino PuzzleTests";
			sourceTree = "<group>";
		};
		9CAA43032B6F200000E1CF27 /* Pentomino PuzzleUITests */ = {
			isa = PBXGroup;
			children = (
				9CAA43042B6F200000E1CF27 /* Pentomino_PuzzleUITests.swift */,
				9CAA43062B6F200000E1CF27 /* Pentomino_PuzzleUITestsLaunchTests.swift */,
			);
			path = "Pentomino PuzzleUITests";
			sourceTree = "<group>";
		};
		9CAA431B2B6F27F500E1CF27 /* Model */ = {
			isa = PBXGroup;
			children = (
				9CAA43132B6F226500E1CF27 /* Model.swift */,
			);
			path = Model;
			sourceTree = "<group>";
		};
		9CAA431E2B6F2A2700E1CF27 /* ViewModel */ = {
			isa = PBXGroup;
			children = (
				9CAA431C2B6F2A1D00E1CF27 /* PuzzleManager.swift */,
			);
			path = ViewModel;
			sourceTree = "<group>";
		};
		9CAA431F2B6F2D8C00E1CF27 /* Resources */ = {
			isa = PBXGroup;
			children = (
				9CAA43172B6F228700E1CF27 /* PentominoOutlines.json */,
				9CAA43152B6F228700E1CF27 /* PuzzleOutlines.json */,
				9CAA43162B6F228700E1CF27 /* Solutions.json */,
			);
			path = Resources;
			sourceTree = "<group>";
		};
		9CAA43202B6F2D9B00E1CF27 /* Views */ = {
			isa = PBXGroup;
			children = (
				9CAA43212B6F2DB100E1CF27 /* GridView.swift */,
				9CAA43232B6F2DCB00E1CF27 /* PentominoView.swift */,
				9CAA43252B6F2DE000E1CF27 /* PuzzleShapeView.swift */,
			);
			path = Views;
			sourceTree = "<group>";
		};
/* End PBXGroup section */

/* Begin PBXNativeTarget section */
		9CAA42E52B6F1FFD00E1CF27 /* Pentomino Puzzle */ = {
			isa = PBXNativeTarget;
			buildConfigurationList = 9CAA430A2B6F200000E1CF27 /* Build configuration list for PBXNativeTarget "Pentomino Puzzle" */;
			buildPhases = (
				9CAA42E22B6F1FFD00E1CF27 /* Sources */,
				9CAA42E32B6F1FFD00E1CF27 /* Frameworks */,
				9CAA42E42B6F1FFD00E1CF27 /* Resources */,
			);
			buildRules = (
			);
			dependencies = (
			);
			name = "Pentomino Puzzle";
			productName = "Pentomino Puzzle";
			productReference = 9CAA42E62B6F1FFD00E1CF27 /* Pentomino Puzzle.app */;
			productType = "com.apple.product-type.application";
		};
		9CAA42F52B6F200000E1CF27 /* Pentomino PuzzleTests */ = {
			isa = PBXNativeTarget;
			buildConfigurationList = 9CAA430D2B6F200000E1CF27 /* Build configuration list for PBXNativeTarget "Pentomino PuzzleTests" */;
			buildPhases = (
				9CAA42F22B6F200000E1CF27 /* Sources */,
				9CAA42F32B6F200000E1CF27 /* Frameworks */,
				9CAA42F42B6F200000E1CF27 /* Resources */,
			);
			buildRules = (
			);
			dependencies = (
				9CAA42F82B6F200000E1CF27 /* PBXTargetDependency */,
			);
			name = "Pentomino PuzzleTests";
			productName = "Pentomino PuzzleTests";
			productReference = 9CAA42F62B6F200000E1CF27 /* Pentomino PuzzleTests.xctest */;
			productType = "com.apple.product-type.bundle.unit-test";
		};
		9CAA42FF2B6F200000E1CF27 /* Pentomino PuzzleUITests */ = {
			isa = PBXNativeTarget;
			buildConfigurationList = 9CAA43102B6F200000E1CF27 /* Build configuration list for PBXNativeTarget "Pentomino PuzzleUITests" */;
			buildPhases = (
				9CAA42FC2B6F200000E1CF27 /* Sources */,
				9CAA42FD2B6F200000E1CF27 /* Frameworks */,
				9CAA42FE2B6F200000E1CF27 /* Resources */,
			);
			buildRules = (
			);
			dependencies = (
				9CAA43022B6F200000E1CF27 /* PBXTargetDependency */,
			);
			name = "Pentomino PuzzleUITests";
			productName = "Pentomino PuzzleUITests";
			productReference = 9CAA43002B6F200000E1CF27 /* Pentomino PuzzleUITests.xctest */;
			productType = "com.apple.product-type.bundle.ui-testing";
		};
/* End PBXNativeTarget section */

/* Begin PBXProject section */
		9CAA42DE2B6F1FFD00E1CF27 /* Project object */ = {
			isa = PBXProject;
			attributes = {
				BuildIndependentTargetsInParallel = 1;
				LastSwiftUpdateCheck = 1520;
				LastUpgradeCheck = 1520;
				TargetAttributes = {
					9CAA42E52B6F1FFD00E1CF27 = {
						CreatedOnToolsVersion = 15.2;
					};
					9CAA42F52B6F200000E1CF27 = {
						CreatedOnToolsVersion = 15.2;
						TestTargetID = 9CAA42E52B6F1FFD00E1CF27;
					};
					9CAA42FF2B6F200000E1CF27 = {
						CreatedOnToolsVersion = 15.2;
						TestTargetID = 9CAA42E52B6F1FFD00E1CF27;
					};
				};
			};
			buildConfigurationList = 9CAA42E12B6F1FFD00E1CF27 /* Build configuration list for PBXProject "Pentomino Puzzle" */;
			compatibilityVersion = "Xcode 14.0";
			developmentRegion = en;
			hasScannedForEncodings = 0;
			knownRegions = (
				en,
				Base,
			);
			mainGroup = 9CAA42DD2B6F1FFD00E1CF27;
			productRefGroup = 9CAA42E72B6F1FFD00E1CF27 /* Products */;
			projectDirPath = "";
			projectRoot = "";
			targets = (
				9CAA42E52B6F1FFD00E1CF27 /* Pentomino Puzzle */,
				9CAA42F52B6F200000E1CF27 /* Pentomino PuzzleTests */,
				9CAA42FF2B6F200000E1CF27 /* Pentomino PuzzleUITests */,
			);
		};
/* End PBXProject section */

/* Begin PBXResourcesBuildPhase section */
		9CAA42E42B6F1FFD00E1CF27 /* Resources */ = {
			isa = PBXResourcesBuildPhase;
			buildActionMask = 2147483647;
			files = (
				9CAA42F12B6F1FFF00E1CF27 /* Preview Assets.xcassets in Resources */,
				9CAA43182B6F228700E1CF27 /* PuzzleOutlines.json in Resources */,
				9CAA43192B6F228700E1CF27 /* Solutions.json in Resources */,
				9CAA42EE2B6F1FFF00E1CF27 /* Assets.xcassets in Resources */,
				9CAA431A2B6F228700E1CF27 /* PentominoOutlines.json in Resources */,
			);
			runOnlyForDeploymentPostprocessing = 0;
		};
		9CAA42F42B6F200000E1CF27 /* Resources */ = {
			isa = PBXResourcesBuildPhase;
			buildActionMask = 2147483647;
			files = (
			);
			runOnlyForDeploymentPostprocessing = 0;
		};
		9CAA42FE2B6F200000E1CF27 /* Resources */ = {
			isa = PBXResourcesBuildPhase;
			buildActionMask = 2147483647;
			files = (
			);
			runOnlyForDeploymentPostprocessing = 0;
		};
/* End PBXResourcesBuildPhase section */

/* Begin PBXSourcesBuildPhase section */
		9CAA42E22B6F1FFD00E1CF27 /* Sources */ = {
			isa = PBXSourcesBuildPhase;
			buildActionMask = 2147483647;
			files = (
				9CAA43242B6F2DCB00E1CF27 /* PentominoView.swift in Sources */,
				9CAA43142B6F226500E1CF27 /* Model.swift in Sources */,
				9CAA42EC2B6F1FFD00E1CF27 /* ContentView.swift in Sources */,
				9CAA42EA2B6F1FFD00E1CF27 /* Pentomino_PuzzleApp.swift in Sources */,
				9CAA43222B6F2DB100E1CF27 /* GridView.swift in Sources */,
				9CAA431D2B6F2A1D00E1CF27 /* PuzzleManager.swift in Sources */,
				9CAA43262B6F2DE000E1CF27 /* PuzzleShapeView.swift in Sources */,
			);
			runOnlyForDeploymentPostprocessing = 0;
		};
		9CAA42F22B6F200000E1CF27 /* Sources */ = {
			isa = PBXSourcesBuildPhase;
			buildActionMask = 2147483647;
			files = (
				9CAA42FB2B6F200000E1CF27 /* Pentomino_PuzzleTests.swift in Sources */,
			);
			runOnlyForDeploymentPostprocessing = 0;
		};
		9CAA42FC2B6F200000E1CF27 /* Sources */ = {
			isa = PBXSourcesBuildPhase;
			buildActionMask = 2147483647;
			files = (
				9CAA43072B6F200000E1CF27 /* Pentomino_PuzzleUITestsLaunchTests.swift in Sources */,
				9CAA43052B6F200000E1CF27 /* Pentomino_PuzzleUITests.swift in Sources */,
			);
			runOnlyForDeploymentPostprocessing = 0;
		};
/* End PBXSourcesBuildPhase section */

/* Begin PBXTargetDependency section */
		9CAA42F82B6F200000E1CF27 /* PBXTargetDependency */ = {
			isa = PBXTargetDependency;
			target = 9CAA42E52B6F1FFD00E1CF27 /* Pentomino Puzzle */;
			targetProxy = 9CAA42F72B6F200000E1CF27 /* PBXContainerItemProxy */;
		};
		9CAA43022B6F200000E1CF27 /* PBXTargetDependency */ = {
			isa = PBXTargetDependency;
			target = 9CAA42E52B6F1FFD00E1CF27 /* Pentomino Puzzle */;
			targetProxy = 9CAA43012B6F200000E1CF27 /* PBXContainerItemProxy */;
		};
/* End PBXTargetDependency section */

/* Begin XCBuildConfiguration section */
		9CAA43082B6F200000E1CF27 /* Debug */ = {
			isa = XCBuildConfiguration;
			buildSettings = {
				ALWAYS_SEARCH_USER_PATHS = NO;
				ASSETCATALOG_COMPILER_GENERATE_SWIFT_ASSET_SYMBOL_EXTENSIONS = YES;
				CLANG_ANALYZER_NONNULL = YES;
				CLANG_ANALYZER_NUMBER_OBJECT_CONVERSION = YES_AGGRESSIVE;
				CLANG_CXX_LANGUAGE_STANDARD = "gnu++20";
				CLANG_ENABLE_MODULES = YES;
				CLANG_ENABLE_OBJC_ARC = YES;
				CLANG_ENABLE_OBJC_WEAK = YES;
				CLANG_WARN_BLOCK_CAPTURE_AUTORELEASING = YES;
				CLANG_WARN_BOOL_CONVERSION = YES;
				CLANG_WARN_COMMA = YES;
				CLANG_WARN_CONSTANT_CONVERSION = YES;
				CLANG_WARN_DEPRECATED_OBJC_IMPLEMENTATIONS = YES;
				CLANG_WARN_DIRECT_OBJC_ISA_USAGE = YES_ERROR;
				CLANG_WARN_DOCUMENTATION_COMMENTS = YES;
				CLANG_WARN_EMPTY_BODY = YES;
				CLANG_WARN_ENUM_CONVERSION = YES;
				CLANG_WARN_INFINITE_RECURSION = YES;
				CLANG_WARN_INT_CONVERSION = YES;
				CLANG_WARN_NON_LITERAL_NULL_CONVERSION = YES;
				CLANG_WARN_OBJC_IMPLICIT_RETAIN_SELF = YES;
				CLANG_WARN_OBJC_LITERAL_CONVERSION = YES;
				CLANG_WARN_OBJC_ROOT_CLASS = YES_ERROR;
				CLANG_WARN_QUOTED_INCLUDE_IN_FRAMEWORK_HEADER = YES;
				CLANG_WARN_RANGE_LOOP_ANALYSIS = YES;
				CLANG_WARN_STRICT_PROTOTYPES = YES;
				CLANG_WARN_SUSPICIOUS_MOVE = YES;
				CLANG_WARN_UNGUARDED_AVAILABILITY = YES_AGGRESSIVE;
				CLANG_WARN_UNREACHABLE_CODE = YES;
				CLANG_WARN__DUPLICATE_METHOD_MATCH = YES;
				COPY_PHASE_STRIP = NO;
				DEBUG_INFORMATION_FORMAT = dwarf;
				ENABLE_STRICT_OBJC_MSGSEND = YES;
				ENABLE_TESTABILITY = YES;
				ENABLE_USER_SCRIPT_SANDBOXING = YES;
				GCC_C_LANGUAGE_STANDARD = gnu17;
				GCC_DYNAMIC_NO_PIC = NO;
				GCC_NO_COMMON_BLOCKS = YES;
				GCC_OPTIMIZATION_LEVEL = 0;
				GCC_PREPROCESSOR_DEFINITIONS = (
					"DEBUG=1",
					"$(inherited)",
				);
				GCC_WARN_64_TO_32_BIT_CONVERSION = YES;
				GCC_WARN_ABOUT_RETURN_TYPE = YES_ERROR;
				GCC_WARN_UNDECLARED_SELECTOR = YES;
				GCC_WARN_UNINITIALIZED_AUTOS = YES_AGGRESSIVE;
				GCC_WARN_UNUSED_FUNCTION = YES;
				GCC_WARN_UNUSED_VARIABLE = YES;
				IPHONEOS_DEPLOYMENT_TARGET = 17.2;
				LOCALIZATION_PREFERS_STRING_CATALOGS = YES;
				MTL_ENABLE_DEBUG_INFO = INCLUDE_SOURCE;
				MTL_FAST_MATH = YES;
				ONLY_ACTIVE_ARCH = YES;
				SDKROOT = iphoneos;
				SWIFT_ACTIVE_COMPILATION_CONDITIONS = "DEBUG $(inherited)";
				SWIFT_OPTIMIZATION_LEVEL = "-Onone";
			};
			name = Debug;
		};
		9CAA43092B6F200000E1CF27 /* Release */ = {
			isa = XCBuildConfiguration;
			buildSettings = {
				ALWAYS_SEARCH_USER_PATHS = NO;
				ASSETCATALOG_COMPILER_GENERATE_SWIFT_ASSET_SYMBOL_EXTENSIONS = YES;
				CLANG_ANALYZER_NONNULL = YES;
				CLANG_ANALYZER_NUMBER_OBJECT_CONVERSION = YES_AGGRESSIVE;
				CLANG_CXX_LANGUAGE_STANDARD = "gnu++20";
				CLANG_ENABLE_MODULES = YES;
				CLANG_ENABLE_OBJC_ARC = YES;
				CLANG_ENABLE_OBJC_WEAK = YES;
				CLANG_WARN_BLOCK_CAPTURE_AUTORELEASING = YES;
				CLANG_WARN_BOOL_CONVERSION = YES;
				CLANG_WARN_COMMA = YES;
				CLANG_WARN_CONSTANT_CONVERSION = YES;
				CLANG_WARN_DEPRECATED_OBJC_IMPLEMENTATIONS = YES;
				CLANG_WARN_DIRECT_OBJC_ISA_USAGE = YES_ERROR;
				CLANG_WARN_DOCUMENTATION_COMMENTS = YES;
				CLANG_WARN_EMPTY_BODY = YES;
				CLANG_WARN_ENUM_CONVERSION = YES;
				CLANG_WARN_INFINITE_RECURSION = YES;
				CLANG_WARN_INT_CONVERSION = YES;
				CLANG_WARN_NON_LITERAL_NULL_CONVERSION = YES;
				CLANG_WARN_OBJC_IMPLICIT_RETAIN_SELF = YES;
				CLANG_WARN_OBJC_LITERAL_CONVERSION = YES;
				CLANG_WARN_OBJC_ROOT_CLASS = YES_ERROR;
				CLANG_WARN_QUOTED_INCLUDE_IN_FRAMEWORK_HEADER = YES;
				CLANG_WARN_RANGE_LOOP_ANALYSIS = YES;
				CLANG_WARN_STRICT_PROTOTYPES = YES;
				CLANG_WARN_SUSPICIOUS_MOVE = YES;
				CLANG_WARN_UNGUARDED_AVAILABILITY = YES_AGGRESSIVE;
				CLANG_WARN_UNREACHABLE_CODE = YES;
				CLANG_WARN__DUPLICATE_METHOD_MATCH = YES;
				COPY_PHASE_STRIP = NO;
				DEBUG_INFORMATION_FORMAT = "dwarf-with-dsym";
				ENABLE_NS_ASSERTIONS = NO;
				ENABLE_STRICT_OBJC_MSGSEND = YES;
				ENABLE_USER_SCRIPT_SANDBOXING = YES;
				GCC_C_LANGUAGE_STANDARD = gnu17;
				GCC_NO_COMMON_BLOCKS = YES;
				GCC_WARN_64_TO_32_BIT_CONVERSION = YES;
				GCC_WARN_ABOUT_RETURN_TYPE = YES_ERROR;
				GCC_WARN_UNDECLARED_SELECTOR = YES;
				GCC_WARN_UNINITIALIZED_AUTOS = YES_AGGRESSIVE;
				GCC_WARN_UNUSED_FUNCTION = YES;
				GCC_WARN_UNUSED_VARIABLE = YES;
				IPHONEOS_DEPLOYMENT_TARGET = 17.2;
				LOCALIZATION_PREFERS_STRING_CATALOGS = YES;
				MTL_ENABLE_DEBUG_INFO = NO;
				MTL_FAST_MATH = YES;
				SDKROOT = iphoneos;
				SWIFT_COMPILATION_MODE = wholemodule;
				VALIDATE_PRODUCT = YES;
			};
			name = Release;
		};
		9CAA430B2B6F200000E1CF27 /* Debug */ = {
			isa = XCBuildConfiguration;
			buildSettings = {
				ASSETCATALOG_COMPILER_APPICON_NAME = AppIcon;
				ASSETCATALOG_COMPILER_GLOBAL_ACCENT_COLOR_NAME = AccentColor;
				CODE_SIGN_STYLE = Automatic;
				CURRENT_PROJECT_VERSION = 1;
				DEVELOPMENT_ASSET_PATHS = "\"Pentomino Puzzle/Preview Content\"";
				DEVELOPMENT_TEAM = AC89BD77SC;
				ENABLE_PREVIEWS = YES;
				GENERATE_INFOPLIST_FILE = YES;
				INFOPLIST_KEY_UIApplicationSceneManifest_Generation = YES;
				INFOPLIST_KEY_UIApplicationSupportsIndirectInputEvents = YES;
				INFOPLIST_KEY_UILaunchScreen_Generation = YES;
				INFOPLIST_KEY_UISupportedInterfaceOrientations_iPad = "UIInterfaceOrientationPortrait UIInterfaceOrientationPortraitUpsideDown UIInterfaceOrientationLandscapeLeft UIInterfaceOrientationLandscapeRight";
				INFOPLIST_KEY_UISupportedInterfaceOrientations_iPhone = "UIInterfaceOrientationPortrait UIInterfaceOrientationLandscapeLeft UIInterfaceOrientationLandscapeRight";
				LD_RUNPATH_SEARCH_PATHS = (
					"$(inherited)",
					"@executable_path/Frameworks",
				);
				MARKETING_VERSION = 1.0;
				PRODUCT_BUNDLE_IDENTIFIER = "edu.psu.rps5836.Pentomino-Puzzle";
				PRODUCT_NAME = "$(TARGET_NAME)";
				SWIFT_EMIT_LOC_STRINGS = YES;
				SWIFT_VERSION = 5.0;
				TARGETED_DEVICE_FAMILY = "1,2";
			};
			name = Debug;
		};
		9CAA430C2B6F200000E1CF27 /* Release */ = {
			isa = XCBuildConfiguration;
			buildSettings = {
				ASSETCATALOG_COMPILER_APPICON_NAME = AppIcon;
				ASSETCATALOG_COMPILER_GLOBAL_ACCENT_COLOR_NAME = AccentColor;
				CODE_SIGN_STYLE = Automatic;
				CURRENT_PROJECT_VERSION = 1;
				DEVELOPMENT_ASSET_PATHS = "\"Pentomino Puzzle/Preview Content\"";
				DEVELOPMENT_TEAM = AC89BD77SC;
				ENABLE_PREVIEWS = YES;
				GENERATE_INFOPLIST_FILE = YES;
				INFOPLIST_KEY_UIApplicationSceneManifest_Generation = YES;
				INFOPLIST_KEY_UIApplicationSupportsIndirectInputEvents = YES;
				INFOPLIST_KEY_UILaunchScreen_Generation = YES;
				INFOPLIST_KEY_UISupportedInterfaceOrientations_iPad = "UIInterfaceOrientationPortrait UIInterfaceOrientationPortraitUpsideDown UIInterfaceOrientationLandscapeLeft UIInterfaceOrientationLandscapeRight";
				INFOPLIST_KEY_UISupportedInterfaceOrientations_iPhone = "UIInterfaceOrientationPortrait UIInterfaceOrientationLandscapeLeft UIInterfaceOrientationLandscapeRight";
				LD_RUNPATH_SEARCH_PATHS = (
					"$(inherited)",
					"@executable_path/Frameworks",
				);
				MARKETING_VERSION = 1.0;
				PRODUCT_BUNDLE_IDENTIFIER = "edu.psu.rps5836.Pentomino-Puzzle";
				PRODUCT_NAME = "$(TARGET_NAME)";
				SWIFT_EMIT_LOC_STRINGS = YES;
				SWIFT_VERSION = 5.0;
				TARGETED_DEVICE_FAMILY = "1,2";
			};
			name = Release;
		};
		9CAA430E2B6F200000E1CF27 /* Debug */ = {
			isa = XCBuildConfiguration;
			buildSettings = {
				ALWAYS_EMBED_SWIFT_STANDARD_LIBRARIES = YES;
				BUNDLE_LOADER = "$(TEST_HOST)";
				CODE_SIGN_STYLE = Automatic;
				CURRENT_PROJECT_VERSION = 1;
				DEVELOPMENT_TEAM = AC89BD77SC;
				GENERATE_INFOPLIST_FILE = YES;
				IPHONEOS_DEPLOYMENT_TARGET = 17.2;
				MARKETING_VERSION = 1.0;
				PRODUCT_BUNDLE_IDENTIFIER = "edu.psu.rps5836.Pentomino-PuzzleTests";
				PRODUCT_NAME = "$(TARGET_NAME)";
				SWIFT_EMIT_LOC_STRINGS = NO;
				SWIFT_VERSION = 5.0;
				TARGETED_DEVICE_FAMILY = "1,2";
				TEST_HOST = "$(BUILT_PRODUCTS_DIR)/Pentomino Puzzle.app/$(BUNDLE_EXECUTABLE_FOLDER_PATH)/Pentomino Puzzle";
			};
			name = Debug;
		};
		9CAA430F2B6F200000E1CF27 /* Release */ = {
			isa = XCBuildConfiguration;
			buildSettings = {
				ALWAYS_EMBED_SWIFT_STANDARD_LIBRARIES = YES;
				BUNDLE_LOADER = "$(TEST_HOST)";
				CODE_SIGN_STYLE = Automatic;
				CURRENT_PROJECT_VERSION = 1;
				DEVELOPMENT_TEAM = AC89BD77SC;
				GENERATE_INFOPLIST_FILE = YES;
				IPHONEOS_DEPLOYMENT_TARGET = 17.2;
				MARKETING_VERSION = 1.0;
				PRODUCT_BUNDLE_IDENTIFIER = "edu.psu.rps5836.Pentomino-PuzzleTests";
				PRODUCT_NAME = "$(TARGET_NAME)";
				SWIFT_EMIT_LOC_STRINGS = NO;
				SWIFT_VERSION = 5.0;
				TARGETED_DEVICE_FAMILY = "1,2";
				TEST_HOST = "$(BUILT_PRODUCTS_DIR)/Pentomino Puzzle.app/$(BUNDLE_EXECUTABLE_FOLDER_PATH)/Pentomino Puzzle";
			};
			name = Release;
		};
		9CAA43112B6F200000E1CF27 /* Debug */ = {
			isa = XCBuildConfiguration;
			buildSettings = {
				ALWAYS_EMBED_SWIFT_STANDARD_LIBRARIES = YES;
				CODE_SIGN_STYLE = Automatic;
				CURRENT_PROJECT_VERSION = 1;
				DEVELOPMENT_TEAM = AC89BD77SC;
				GENERATE_INFOPLIST_FILE = YES;
				MARKETING_VERSION = 1.0;
				PRODUCT_BUNDLE_IDENTIFIER = "edu.psu.rps5836.Pentomino-PuzzleUITests";
				PRODUCT_NAME = "$(TARGET_NAME)";
				SWIFT_EMIT_LOC_STRINGS = NO;
				SWIFT_VERSION = 5.0;
				TARGETED_DEVICE_FAMILY = "1,2";
				TEST_TARGET_NAME = "Pentomino Puzzle";
			};
			name = Debug;
		};
		9CAA43122B6F200000E1CF27 /* Release */ = {
			isa = XCBuildConfiguration;
			buildSettings = {
				ALWAYS_EMBED_SWIFT_STANDARD_LIBRARIES = YES;
				CODE_SIGN_STYLE = Automatic;
				CURRENT_PROJECT_VERSION = 1;
				DEVELOPMENT_TEAM = AC89BD77SC;
				GENERATE_INFOPLIST_FILE = YES;
				MARKETING_VERSION = 1.0;
				PRODUCT_BUNDLE_IDENTIFIER = "edu.psu.rps5836.Pentomino-PuzzleUITests";
				PRODUCT_NAME = "$(TARGET_NAME)";
				SWIFT_EMIT_LOC_STRINGS = NO;
				SWIFT_VERSION = 5.0;
				TARGETED_DEVICE_FAMILY = "1,2";
				TEST_TARGET_NAME = "Pentomino Puzzle";
			};
			name = Release;
		};
/* End XCBuildConfiguration section */

/* Begin XCConfigurationList section */
		9CAA42E12B6F1FFD00E1CF27 /* Build configuration list for PBXProject "Pentomino Puzzle" */ = {
			isa = XCConfigurationList;
			buildConfigurations = (
				9CAA43082B6F200000E1CF27 /* Debug */,
				9CAA43092B6F200000E1CF27 /* Release */,
			);
			defaultConfigurationIsVisible = 0;
			defaultConfigurationName = Release;
		};
		9CAA430A2B6F200000E1CF27 /* Build configuration list for PBXNativeTarget "Pentomino Puzzle" */ = {
			isa = XCConfigurationList;
			buildConfigurations = (
				9CAA430B2B6F200000E1CF27 /* Debug */,
				9CAA430C2B6F200000E1CF27 /* Release */,
			);
			defaultConfigurationIsVisible = 0;
			defaultConfigurationName = Release;
		};
		9CAA430D2B6F200000E1CF27 /* Build configuration list for PBXNativeTarget "Pentomino PuzzleTests" */ = {
			isa = XCConfigurationList;
			buildConfigurations = (
				9CAA430E2B6F200000E1CF27 /* Debug */,
				9CAA430F2B6F200000E1CF27 /* Release */,
			);
			defaultConfigurationIsVisible = 0;
			defaultConfigurationName = Release;
		};
		9CAA43102B6F200000E1CF27 /* Build configuration list for PBXNativeTarget "Pentomino PuzzleUITests" */ = {
			isa = XCConfigurationList;
			buildConfigurations = (
				9CAA43112B6F200000E1CF27 /* Debug */,
				9CAA43122B6F200000E1CF27 /* Release */,
			);
			defaultConfigurationIsVisible = 0;
			defaultConfigurationName = Release;
		};
/* End XCConfigurationList section */
	};
	rootObject = 9CAA42DE2B6F1FFD00E1CF27 /* Project object */;
}
